// !$*UTF8*$!
{
	archiveVersion = 1;
	classes = {
	};
	objectVersion = 46;
	objects = {

/* Begin PBXBuildFile section */
		06DE57871CAE5D9B007209C7 /* HYMapViewController.m in Sources */ = {isa = PBXBuildFile; fileRef = 06DE57361CAE5D9B007209C7 /* HYMapViewController.m */; };
		06DE57881CAE5D9B007209C7 /* HYRouteViewController.m in Sources */ = {isa = PBXBuildFile; fileRef = 06DE57381CAE5D9B007209C7 /* HYRouteViewController.m */; };
		06DE57891CAE5D9B007209C7 /* CommonUtility.m in Sources */ = {isa = PBXBuildFile; fileRef = 06DE573B1CAE5D9B007209C7 /* CommonUtility.m */; };
		06DE578A1CAE5D9B007209C7 /* LineDashPolyline.m in Sources */ = {isa = PBXBuildFile; fileRef = 06DE573D1CAE5D9B007209C7 /* LineDashPolyline.m */; };
		06DE578B1CAE5D9B007209C7 /* MANaviAnnotation.m in Sources */ = {isa = PBXBuildFile; fileRef = 06DE573F1CAE5D9B007209C7 /* MANaviAnnotation.m */; };
		06DE578C1CAE5D9B007209C7 /* MANaviPolyline.m in Sources */ = {isa = PBXBuildFile; fileRef = 06DE57411CAE5D9B007209C7 /* MANaviPolyline.m */; };
		06DE578D1CAE5D9B007209C7 /* MANaviRoute.m in Sources */ = {isa = PBXBuildFile; fileRef = 06DE57431CAE5D9B007209C7 /* MANaviRoute.m */; };
		06DE578E1CAE5D9B007209C7 /* map_location_pin_conversation@2x.png in Resources */ = {isa = PBXBuildFile; fileRef = 06DE57451CAE5D9B007209C7 /* map_location_pin_conversation@2x.png */; };
		06DE578F1CAE5D9B007209C7 /* map_location_pin_conversation@3x.png in Resources */ = {isa = PBXBuildFile; fileRef = 06DE57461CAE5D9B007209C7 /* map_location_pin_conversation@3x.png */; };
		06DE57901CAE5D9C007209C7 /* map_selected_poi_dot@2x.png in Resources */ = {isa = PBXBuildFile; fileRef = 06DE57471CAE5D9B007209C7 /* map_selected_poi_dot@2x.png */; };
		06DE57911CAE5D9C007209C7 /* map_selected_poi_dot@3x.png in Resources */ = {isa = PBXBuildFile; fileRef = 06DE57481CAE5D9B007209C7 /* map_selected_poi_dot@3x.png */; };
		06DE57921CAE5D9C007209C7 /* map_update_target_location@2x.png in Resources */ = {isa = PBXBuildFile; fileRef = 06DE57491CAE5D9B007209C7 /* map_update_target_location@2x.png */; };
		06DE57931CAE5D9C007209C7 /* map_update_target_location@3x.png in Resources */ = {isa = PBXBuildFile; fileRef = 06DE574A1CAE5D9B007209C7 /* map_update_target_location@3x.png */; };
		06DE57941CAE5D9C007209C7 /* map_update_user_location@2x.png in Resources */ = {isa = PBXBuildFile; fileRef = 06DE574B1CAE5D9B007209C7 /* map_update_user_location@2x.png */; };
		06DE57951CAE5D9C007209C7 /* map_update_user_location@3x.png in Resources */ = {isa = PBXBuildFile; fileRef = 06DE574C1CAE5D9B007209C7 /* map_update_user_location@3x.png */; };
		06DE57961CAE5D9C007209C7 /* setting_checked@2x.png in Resources */ = {isa = PBXBuildFile; fileRef = 06DE574D1CAE5D9B007209C7 /* setting_checked@2x.png */; };
		06DE57971CAE5D9C007209C7 /* MapToolRefreshFooter.m in Sources */ = {isa = PBXBuildFile; fileRef = 06DE574F1CAE5D9B007209C7 /* MapToolRefreshFooter.m */; };
		06DE57981CAE5D9C007209C7 /* HYActionSheet.m in Sources */ = {isa = PBXBuildFile; fileRef = 06DE57521CAE5D9B007209C7 /* HYActionSheet.m */; };
		06DE57991CAE5D9C007209C7 /* HYCollectionButton.m in Sources */ = {isa = PBXBuildFile; fileRef = 06DE57541CAE5D9B007209C7 /* HYCollectionButton.m */; };
		06DE579A1CAE5D9C007209C7 /* HYCollectionPicker.m in Sources */ = {isa = PBXBuildFile; fileRef = 06DE57561CAE5D9B007209C7 /* HYCollectionPicker.m */; };
		06DE579B1CAE5D9C007209C7 /* bgImage_HL@2x.png in Resources */ = {isa = PBXBuildFile; fileRef = 06DE57581CAE5D9B007209C7 /* bgImage_HL@2x.png */; };
		06DE579C1CAE5D9C007209C7 /* cellLine@2x.png in Resources */ = {isa = PBXBuildFile; fileRef = 06DE57591CAE5D9B007209C7 /* cellLine@2x.png */; };
		06DE579D1CAE5D9C007209C7 /* MJRefreshAutoFooter.m in Sources */ = {isa = PBXBuildFile; fileRef = 06DE575D1CAE5D9B007209C7 /* MJRefreshAutoFooter.m */; };
		06DE579E1CAE5D9C007209C7 /* MJRefreshBackFooter.m in Sources */ = {isa = PBXBuildFile; fileRef = 06DE575F1CAE5D9B007209C7 /* MJRefreshBackFooter.m */; };
		06DE579F1CAE5D9C007209C7 /* MJRefreshComponent.m in Sources */ = {isa = PBXBuildFile; fileRef = 06DE57611CAE5D9B007209C7 /* MJRefreshComponent.m */; };
		06DE57A01CAE5D9C007209C7 /* MJRefreshFooter.m in Sources */ = {isa = PBXBuildFile; fileRef = 06DE57631CAE5D9B007209C7 /* MJRefreshFooter.m */; };
		06DE57A11CAE5D9C007209C7 /* MJRefreshHeader.m in Sources */ = {isa = PBXBuildFile; fileRef = 06DE57651CAE5D9B007209C7 /* MJRefreshHeader.m */; };
		06DE57A21CAE5D9C007209C7 /* MJRefreshAutoGifFooter.m in Sources */ = {isa = PBXBuildFile; fileRef = 06DE576A1CAE5D9B007209C7 /* MJRefreshAutoGifFooter.m */; };
		06DE57A31CAE5D9C007209C7 /* MJRefreshAutoNormalFooter.m in Sources */ = {isa = PBXBuildFile; fileRef = 06DE576C1CAE5D9B007209C7 /* MJRefreshAutoNormalFooter.m */; };
		06DE57A41CAE5D9C007209C7 /* MJRefreshAutoStateFooter.m in Sources */ = {isa = PBXBuildFile; fileRef = 06DE576E1CAE5D9B007209C7 /* MJRefreshAutoStateFooter.m */; };
		06DE57A51CAE5D9C007209C7 /* MJRefreshBackGifFooter.m in Sources */ = {isa = PBXBuildFile; fileRef = 06DE57711CAE5D9B007209C7 /* MJRefreshBackGifFooter.m */; };
		06DE57A61CAE5D9C007209C7 /* MJRefreshBackNormalFooter.m in Sources */ = {isa = PBXBuildFile; fileRef = 06DE57731CAE5D9B007209C7 /* MJRefreshBackNormalFooter.m */; };
		06DE57A71CAE5D9C007209C7 /* MJRefreshBackStateFooter.m in Sources */ = {isa = PBXBuildFile; fileRef = 06DE57751CAE5D9B007209C7 /* MJRefreshBackStateFooter.m */; };
		06DE57A81CAE5D9C007209C7 /* MJRefreshGifHeader.m in Sources */ = {isa = PBXBuildFile; fileRef = 06DE57781CAE5D9B007209C7 /* MJRefreshGifHeader.m */; };
		06DE57A91CAE5D9C007209C7 /* MJRefreshNormalHeader.m in Sources */ = {isa = PBXBuildFile; fileRef = 06DE577A1CAE5D9B007209C7 /* MJRefreshNormalHeader.m */; };
		06DE57AA1CAE5D9C007209C7 /* MJRefreshStateHeader.m in Sources */ = {isa = PBXBuildFile; fileRef = 06DE577C1CAE5D9B007209C7 /* MJRefreshStateHeader.m */; };
		06DE57AB1CAE5D9C007209C7 /* MJRefresh.bundle in Resources */ = {isa = PBXBuildFile; fileRef = 06DE577D1CAE5D9B007209C7 /* MJRefresh.bundle */; };
		06DE57AC1CAE5D9C007209C7 /* MJRefreshConst.m in Sources */ = {isa = PBXBuildFile; fileRef = 06DE57801CAE5D9B007209C7 /* MJRefreshConst.m */; };
		06DE57AD1CAE5D9C007209C7 /* UIScrollView+MJExtension.m in Sources */ = {isa = PBXBuildFile; fileRef = 06DE57821CAE5D9B007209C7 /* UIScrollView+MJExtension.m */; };
		06DE57AE1CAE5D9C007209C7 /* UIScrollView+MJRefresh.m in Sources */ = {isa = PBXBuildFile; fileRef = 06DE57841CAE5D9B007209C7 /* UIScrollView+MJRefresh.m */; };
		06DE57AF1CAE5D9C007209C7 /* UIView+MJExtension.m in Sources */ = {isa = PBXBuildFile; fileRef = 06DE57861CAE5D9B007209C7 /* UIView+MJExtension.m */; };
		06DE57B11CAE5F60007209C7 /* README.md in Sources */ = {isa = PBXBuildFile; fileRef = 06DE57B01CAE5F60007209C7 /* README.md */; };
		06EBD2581CA4CD4700B026BF /* main.m in Sources */ = {isa = PBXBuildFile; fileRef = 06EBD2571CA4CD4700B026BF /* main.m */; };
		06EBD25B1CA4CD4700B026BF /* AppDelegate.m in Sources */ = {isa = PBXBuildFile; fileRef = 06EBD25A1CA4CD4700B026BF /* AppDelegate.m */; };
		06EBD25E1CA4CD4700B026BF /* ViewController.m in Sources */ = {isa = PBXBuildFile; fileRef = 06EBD25D1CA4CD4700B026BF /* ViewController.m */; };
		06EBD2611CA4CD4700B026BF /* Main.storyboard in Resources */ = {isa = PBXBuildFile; fileRef = 06EBD25F1CA4CD4700B026BF /* Main.storyboard */; };
		06EBD2631CA4CD4700B026BF /* Assets.xcassets in Resources */ = {isa = PBXBuildFile; fileRef = 06EBD2621CA4CD4700B026BF /* Assets.xcassets */; };
		06EBD2661CA4CD4700B026BF /* LaunchScreen.storyboard in Resources */ = {isa = PBXBuildFile; fileRef = 06EBD2641CA4CD4700B026BF /* LaunchScreen.storyboard */; };
		75BD6CB971BBCDA9D06896E2 /* libPods.a in Frameworks */ = {isa = PBXBuildFile; fileRef = FC72C8E0482CE9185FD863C7 /* libPods.a */; };
/* End PBXBuildFile section */

/* Begin PBXFileReference section */
		06DE57351CAE5D9B007209C7 /* HYMapViewController.h */ = {isa = PBXFileReference; fileEncoding = 4; lastKnownFileType = sourcecode.c.h; path = HYMapViewController.h; sourceTree = "<group>"; };
		06DE57361CAE5D9B007209C7 /* HYMapViewController.m */ = {isa = PBXFileReference; fileEncoding = 4; lastKnownFileType = sourcecode.c.objc; path = HYMapViewController.m; sourceTree = "<group>"; };
		06DE57371CAE5D9B007209C7 /* HYRouteViewController.h */ = {isa = PBXFileReference; fileEncoding = 4; lastKnownFileType = sourcecode.c.h; path = HYRouteViewController.h; sourceTree = "<group>"; };
		06DE57381CAE5D9B007209C7 /* HYRouteViewController.m */ = {isa = PBXFileReference; fileEncoding = 4; lastKnownFileType = sourcecode.c.objc; path = HYRouteViewController.m; sourceTree = "<group>"; };
		06DE573A1CAE5D9B007209C7 /* CommonUtility.h */ = {isa = PBXFileReference; fileEncoding = 4; lastKnownFileType = sourcecode.c.h; path = CommonUtility.h; sourceTree = "<group>"; };
		06DE573B1CAE5D9B007209C7 /* CommonUtility.m */ = {isa = PBXFileReference; fileEncoding = 4; lastKnownFileType = sourcecode.c.objc; path = CommonUtility.m; sourceTree = "<group>"; };
		06DE573C1CAE5D9B007209C7 /* LineDashPolyline.h */ = {isa = PBXFileReference; fileEncoding = 4; lastKnownFileType = sourcecode.c.h; path = LineDashPolyline.h; sourceTree = "<group>"; };
		06DE573D1CAE5D9B007209C7 /* LineDashPolyline.m */ = {isa = PBXFileReference; fileEncoding = 4; lastKnownFileType = sourcecode.c.objc; path = LineDashPolyline.m; sourceTree = "<group>"; };
		06DE573E1CAE5D9B007209C7 /* MANaviAnnotation.h */ = {isa = PBXFileReference; fileEncoding = 4; lastKnownFileType = sourcecode.c.h; path = MANaviAnnotation.h; sourceTree = "<group>"; };
		06DE573F1CAE5D9B007209C7 /* MANaviAnnotation.m */ = {isa = PBXFileReference; fileEncoding = 4; lastKnownFileType = sourcecode.c.objc; path = MANaviAnnotation.m; sourceTree = "<group>"; };
		06DE57401CAE5D9B007209C7 /* MANaviPolyline.h */ = {isa = PBXFileReference; fileEncoding = 4; lastKnownFileType = sourcecode.c.h; path = MANaviPolyline.h; sourceTree = "<group>"; };
		06DE57411CAE5D9B007209C7 /* MANaviPolyline.m */ = {isa = PBXFileReference; fileEncoding = 4; lastKnownFileType = sourcecode.c.objc; path = MANaviPolyline.m; sourceTree = "<group>"; };
		06DE57421CAE5D9B007209C7 /* MANaviRoute.h */ = {isa = PBXFileReference; fileEncoding = 4; lastKnownFileType = sourcecode.c.h; path = MANaviRoute.h; sourceTree = "<group>"; };
		06DE57431CAE5D9B007209C7 /* MANaviRoute.m */ = {isa = PBXFileReference; fileEncoding = 4; lastKnownFileType = sourcecode.c.objc; path = MANaviRoute.m; sourceTree = "<group>"; };
		06DE57451CAE5D9B007209C7 /* map_location_pin_conversation@2x.png */ = {isa = PBXFileReference; lastKnownFileType = image.png; path = "map_location_pin_conversation@2x.png"; sourceTree = "<group>"; };
		06DE57461CAE5D9B007209C7 /* map_location_pin_conversation@3x.png */ = {isa = PBXFileReference; lastKnownFileType = image.png; path = "map_location_pin_conversation@3x.png"; sourceTree = "<group>"; };
		06DE57471CAE5D9B007209C7 /* map_selected_poi_dot@2x.png */ = {isa = PBXFileReference; lastKnownFileType = image.png; path = "map_selected_poi_dot@2x.png"; sourceTree = "<group>"; };
		06DE57481CAE5D9B007209C7 /* map_selected_poi_dot@3x.png */ = {isa = PBXFileReference; lastKnownFileType = image.png; path = "map_selected_poi_dot@3x.png"; sourceTree = "<group>"; };
		06DE57491CAE5D9B007209C7 /* map_update_target_location@2x.png */ = {isa = PBXFileReference; lastKnownFileType = image.png; path = "map_update_target_location@2x.png"; sourceTree = "<group>"; };
		06DE574A1CAE5D9B007209C7 /* map_update_target_location@3x.png */ = {isa = PBXFileReference; lastKnownFileType = image.png; path = "map_update_target_location@3x.png"; sourceTree = "<group>"; };
		06DE574B1CAE5D9B007209C7 /* map_update_user_location@2x.png */ = {isa = PBXFileReference; lastKnownFileType = image.png; path = "map_update_user_location@2x.png"; sourceTree = "<group>"; };
		06DE574C1CAE5D9B007209C7 /* map_update_user_location@3x.png */ = {isa = PBXFileReference; lastKnownFileType = image.png; path = "map_update_user_location@3x.png"; sourceTree = "<group>"; };
		06DE574D1CAE5D9B007209C7 /* setting_checked@2x.png */ = {isa = PBXFileReference; lastKnownFileType = image.png; path = "setting_checked@2x.png"; sourceTree = "<group>"; };
		06DE574E1CAE5D9B007209C7 /* MapToolRefreshFooter.h */ = {isa = PBXFileReference; fileEncoding = 4; lastKnownFileType = sourcecode.c.h; path = MapToolRefreshFooter.h; sourceTree = "<group>"; };
		06DE574F1CAE5D9B007209C7 /* MapToolRefreshFooter.m */ = {isa = PBXFileReference; fileEncoding = 4; lastKnownFileType = sourcecode.c.objc; path = MapToolRefreshFooter.m; sourceTree = "<group>"; };
		06DE57511CAE5D9B007209C7 /* HYActionSheet.h */ = {isa = PBXFileReference; fileEncoding = 4; lastKnownFileType = sourcecode.c.h; path = HYActionSheet.h; sourceTree = "<group>"; };
		06DE57521CAE5D9B007209C7 /* HYActionSheet.m */ = {isa = PBXFileReference; fileEncoding = 4; lastKnownFileType = sourcecode.c.objc; path = HYActionSheet.m; sourceTree = "<group>"; };
		06DE57531CAE5D9B007209C7 /* HYCollectionButton.h */ = {isa = PBXFileReference; fileEncoding = 4; lastKnownFileType = sourcecode.c.h; path = HYCollectionButton.h; sourceTree = "<group>"; };
		06DE57541CAE5D9B007209C7 /* HYCollectionButton.m */ = {isa = PBXFileReference; fileEncoding = 4; lastKnownFileType = sourcecode.c.objc; path = HYCollectionButton.m; sourceTree = "<group>"; };
		06DE57551CAE5D9B007209C7 /* HYCollectionPicker.h */ = {isa = PBXFileReference; fileEncoding = 4; lastKnownFileType = sourcecode.c.h; path = HYCollectionPicker.h; sourceTree = "<group>"; };
		06DE57561CAE5D9B007209C7 /* HYCollectionPicker.m */ = {isa = PBXFileReference; fileEncoding = 4; lastKnownFileType = sourcecode.c.objc; path = HYCollectionPicker.m; sourceTree = "<group>"; };
		06DE57581CAE5D9B007209C7 /* bgImage_HL@2x.png */ = {isa = PBXFileReference; lastKnownFileType = image.png; path = "bgImage_HL@2x.png"; sourceTree = "<group>"; };
		06DE57591CAE5D9B007209C7 /* cellLine@2x.png */ = {isa = PBXFileReference; lastKnownFileType = image.png; path = "cellLine@2x.png"; sourceTree = "<group>"; };
		06DE575C1CAE5D9B007209C7 /* MJRefreshAutoFooter.h */ = {isa = PBXFileReference; fileEncoding = 4; lastKnownFileType = sourcecode.c.h; path = MJRefreshAutoFooter.h; sourceTree = "<group>"; };
		06DE575D1CAE5D9B007209C7 /* MJRefreshAutoFooter.m */ = {isa = PBXFileReference; fileEncoding = 4; lastKnownFileType = sourcecode.c.objc; path = MJRefreshAutoFooter.m; sourceTree = "<group>"; };
		06DE575E1CAE5D9B007209C7 /* MJRefreshBackFooter.h */ = {isa = PBXFileReference; fileEncoding = 4; lastKnownFileType = sourcecode.c.h; path = MJRefreshBackFooter.h; sourceTree = "<group>"; };
		06DE575F1CAE5D9B007209C7 /* MJRefreshBackFooter.m */ = {isa = PBXFileReference; fileEncoding = 4; lastKnownFileType = sourcecode.c.objc; path = MJRefreshBackFooter.m; sourceTree = "<group>"; };
		06DE57601CAE5D9B007209C7 /* MJRefreshComponent.h */ = {isa = PBXFileReference; fileEncoding = 4; lastKnownFileType = sourcecode.c.h; path = MJRefreshComponent.h; sourceTree = "<group>"; };
		06DE57611CAE5D9B007209C7 /* MJRefreshComponent.m */ = {isa = PBXFileReference; fileEncoding = 4; lastKnownFileType = sourcecode.c.objc; path = MJRefreshComponent.m; sourceTree = "<group>"; };
		06DE57621CAE5D9B007209C7 /* MJRefreshFooter.h */ = {isa = PBXFileReference; fileEncoding = 4; lastKnownFileType = sourcecode.c.h; path = MJRefreshFooter.h; sourceTree = "<group>"; };
		06DE57631CAE5D9B007209C7 /* MJRefreshFooter.m */ = {isa = PBXFileReference; fileEncoding = 4; lastKnownFileType = sourcecode.c.objc; path = MJRefreshFooter.m; sourceTree = "<group>"; };
		06DE57641CAE5D9B007209C7 /* MJRefreshHeader.h */ = {isa = PBXFileReference; fileEncoding = 4; lastKnownFileType = sourcecode.c.h; path = MJRefreshHeader.h; sourceTree = "<group>"; };
		06DE57651CAE5D9B007209C7 /* MJRefreshHeader.m */ = {isa = PBXFileReference; fileEncoding = 4; lastKnownFileType = sourcecode.c.objc; path = MJRefreshHeader.m; sourceTree = "<group>"; };
		06DE57691CAE5D9B007209C7 /* MJRefreshAutoGifFooter.h */ = {isa = PBXFileReference; fileEncoding = 4; lastKnownFileType = sourcecode.c.h; path = MJRefreshAutoGifFooter.h; sourceTree = "<group>"; };
		06DE576A1CAE5D9B007209C7 /* MJRefreshAutoGifFooter.m */ = {isa = PBXFileReference; fileEncoding = 4; lastKnownFileType = sourcecode.c.objc; path = MJRefreshAutoGifFooter.m; sourceTree = "<group>"; };
		06DE576B1CAE5D9B007209C7 /* MJRefreshAutoNormalFooter.h */ = {isa = PBXFileReference; fileEncoding = 4; lastKnownFileType = sourcecode.c.h; path = MJRefreshAutoNormalFooter.h; sourceTree = "<group>"; };
		06DE576C1CAE5D9B007209C7 /* MJRefreshAutoNormalFooter.m */ = {isa = PBXFileReference; fileEncoding = 4; lastKnownFileType = sourcecode.c.objc; path = MJRefreshAutoNormalFooter.m; sourceTree = "<group>"; };
		06DE576D1CAE5D9B007209C7 /* MJRefreshAutoStateFooter.h */ = {isa = PBXFileReference; fileEncoding = 4; lastKnownFileType = sourcecode.c.h; path = MJRefreshAutoStateFooter.h; sourceTree = "<group>"; };
		06DE576E1CAE5D9B007209C7 /* MJRefreshAutoStateFooter.m */ = {isa = PBXFileReference; fileEncoding = 4; lastKnownFileType = sourcecode.c.objc; path = MJRefreshAutoStateFooter.m; sourceTree = "<group>"; };
		06DE57701CAE5D9B007209C7 /* MJRefreshBackGifFooter.h */ = {isa = PBXFileReference; fileEncoding = 4; lastKnownFileType = sourcecode.c.h; path = MJRefreshBackGifFooter.h; sourceTree = "<group>"; };
		06DE57711CAE5D9B007209C7 /* MJRefreshBackGifFooter.m */ = {isa = PBXFileReference; fileEncoding = 4; lastKnownFileType = sourcecode.c.objc; path = MJRefreshBackGifFooter.m; sourceTree = "<group>"; };
		06DE57721CAE5D9B007209C7 /* MJRefreshBackNormalFooter.h */ = {isa = PBXFileReference; fileEncoding = 4; lastKnownFileType = sourcecode.c.h; path = MJRefreshBackNormalFooter.h; sourceTree = "<group>"; };
		06DE57731CAE5D9B007209C7 /* MJRefreshBackNormalFooter.m */ = {isa = PBXFileReference; fileEncoding = 4; lastKnownFileType = sourcecode.c.objc; path = MJRefreshBackNormalFooter.m; sourceTree = "<group>"; };
		06DE57741CAE5D9B007209C7 /* MJRefreshBackStateFooter.h */ = {isa = PBXFileReference; fileEncoding = 4; lastKnownFileType = sourcecode.c.h; path = MJRefreshBackStateFooter.h; sourceTree = "<group>"; };
		06DE57751CAE5D9B007209C7 /* MJRefreshBackStateFooter.m */ = {isa = PBXFileReference; fileEncoding = 4; lastKnownFileType = sourcecode.c.objc; path = MJRefreshBackStateFooter.m; sourceTree = "<group>"; };
		06DE57771CAE5D9B007209C7 /* MJRefreshGifHeader.h */ = {isa = PBXFileReference; fileEncoding = 4; lastKnownFileType = sourcecode.c.h; path = MJRefreshGifHeader.h; sourceTree = "<group>"; };
		06DE57781CAE5D9B007209C7 /* MJRefreshGifHeader.m */ = {isa = PBXFileReference; fileEncoding = 4; lastKnownFileType = sourcecode.c.objc; path = MJRefreshGifHeader.m; sourceTree = "<group>"; };
		06DE57791CAE5D9B007209C7 /* MJRefreshNormalHeader.h */ = {isa = PBXFileReference; fileEncoding = 4; lastKnownFileType = sourcecode.c.h; path = MJRefreshNormalHeader.h; sourceTree = "<group>"; };
		06DE577A1CAE5D9B007209C7 /* MJRefreshNormalHeader.m */ = {isa = PBXFileReference; fileEncoding = 4; lastKnownFileType = sourcecode.c.objc; path = MJRefreshNormalHeader.m; sourceTree = "<group>"; };
		06DE577B1CAE5D9B007209C7 /* MJRefreshStateHeader.h */ = {isa = PBXFileReference; fileEncoding = 4; lastKnownFileType = sourcecode.c.h; path = MJRefreshStateHeader.h; sourceTree = "<group>"; };
		06DE577C1CAE5D9B007209C7 /* MJRefreshStateHeader.m */ = {isa = PBXFileReference; fileEncoding = 4; lastKnownFileType = sourcecode.c.objc; path = MJRefreshStateHeader.m; sourceTree = "<group>"; };
		06DE577D1CAE5D9B007209C7 /* MJRefresh.bundle */ = {isa = PBXFileReference; lastKnownFileType = "wrapper.plug-in"; path = MJRefresh.bundle; sourceTree = "<group>"; };
		06DE577E1CAE5D9B007209C7 /* MJRefresh.h */ = {isa = PBXFileReference; fileEncoding = 4; lastKnownFileType = sourcecode.c.h; path = MJRefresh.h; sourceTree = "<group>"; };
		06DE577F1CAE5D9B007209C7 /* MJRefreshConst.h */ = {isa = PBXFileReference; fileEncoding = 4; lastKnownFileType = sourcecode.c.h; path = MJRefreshConst.h; sourceTree = "<group>"; };
		06DE57801CAE5D9B007209C7 /* MJRefreshConst.m */ = {isa = PBXFileReference; fileEncoding = 4; lastKnownFileType = sourcecode.c.objc; path = MJRefreshConst.m; sourceTree = "<group>"; };
		06DE57811CAE5D9B007209C7 /* UIScrollView+MJExtension.h */ = {isa = PBXFileReference; fileEncoding = 4; lastKnownFileType = sourcecode.c.h; path = "UIScrollView+MJExtension.h"; sourceTree = "<group>"; };
		06DE57821CAE5D9B007209C7 /* UIScrollView+MJExtension.m */ = {isa = PBXFileReference; fileEncoding = 4; lastKnownFileType = sourcecode.c.objc; path = "UIScrollView+MJExtension.m"; sourceTree = "<group>"; };
		06DE57831CAE5D9B007209C7 /* UIScrollView+MJRefresh.h */ = {isa = PBXFileReference; fileEncoding = 4; lastKnownFileType = sourcecode.c.h; path = "UIScrollView+MJRefresh.h"; sourceTree = "<group>"; };
		06DE57841CAE5D9B007209C7 /* UIScrollView+MJRefresh.m */ = {isa = PBXFileReference; fileEncoding = 4; lastKnownFileType = sourcecode.c.objc; path = "UIScrollView+MJRefresh.m"; sourceTree = "<group>"; };
		06DE57851CAE5D9B007209C7 /* UIView+MJExtension.h */ = {isa = PBXFileReference; fileEncoding = 4; lastKnownFileType = sourcecode.c.h; path = "UIView+MJExtension.h"; sourceTree = "<group>"; };
		06DE57861CAE5D9B007209C7 /* UIView+MJExtension.m */ = {isa = PBXFileReference; fileEncoding = 4; lastKnownFileType = sourcecode.c.objc; path = "UIView+MJExtension.m"; sourceTree = "<group>"; };
		06DE57B01CAE5F60007209C7 /* README.md */ = {isa = PBXFileReference; fileEncoding = 4; lastKnownFileType = net.daringfireball.markdown; path = README.md; sourceTree = "<group>"; };
		06EBD2531CA4CD4700B026BF /* HYMapToolDemo.app */ = {isa = PBXFileReference; explicitFileType = wrapper.application; includeInIndex = 0; path = HYMapToolDemo.app; sourceTree = BUILT_PRODUCTS_DIR; };
		06EBD2571CA4CD4700B026BF /* main.m */ = {isa = PBXFileReference; lastKnownFileType = sourcecode.c.objc; path = main.m; sourceTree = "<group>"; };
		06EBD2591CA4CD4700B026BF /* AppDelegate.h */ = {isa = PBXFileReference; lastKnownFileType = sourcecode.c.h; path = AppDelegate.h; sourceTree = "<group>"; };
		06EBD25A1CA4CD4700B026BF /* AppDelegate.m */ = {isa = PBXFileReference; lastKnownFileType = sourcecode.c.objc; path = AppDelegate.m; sourceTree = "<group>"; };
		06EBD25C1CA4CD4700B026BF /* ViewController.h */ = {isa = PBXFileReference; lastKnownFileType = sourcecode.c.h; path = ViewController.h; sourceTree = "<group>"; };
		06EBD25D1CA4CD4700B026BF /* ViewController.m */ = {isa = PBXFileReference; lastKnownFileType = sourcecode.c.objc; path = ViewController.m; sourceTree = "<group>"; };
		06EBD2601CA4CD4700B026BF /* Base */ = {isa = PBXFileReference; lastKnownFileType = file.storyboard; name = Base; path = Base.lproj/Main.storyboard; sourceTree = "<group>"; };
		06EBD2621CA4CD4700B026BF /* Assets.xcassets */ = {isa = PBXFileReference; lastKnownFileType = folder.assetcatalog; path = Assets.xcassets; sourceTree = "<group>"; };
		06EBD2651CA4CD4700B026BF /* Base */ = {isa = PBXFileReference; lastKnownFileType = file.storyboard; name = Base; path = Base.lproj/LaunchScreen.storyboard; sourceTree = "<group>"; };
		06EBD2671CA4CD4700B026BF /* Info.plist */ = {isa = PBXFileReference; lastKnownFileType = text.plist.xml; path = Info.plist; sourceTree = "<group>"; };
		4DB29A4C9AB83601B1AD63FF /* Pods.release.xcconfig */ = {isa = PBXFileReference; includeInIndex = 1; lastKnownFileType = text.xcconfig; name = Pods.release.xcconfig; path = "Pods/Target Support Files/Pods/Pods.release.xcconfig"; sourceTree = "<group>"; };
		E72A86E04B20541C81947E6F /* Pods.debug.xcconfig */ = {isa = PBXFileReference; includeInIndex = 1; lastKnownFileType = text.xcconfig; name = Pods.debug.xcconfig; path = "Pods/Target Support Files/Pods/Pods.debug.xcconfig"; sourceTree = "<group>"; };
		FC72C8E0482CE9185FD863C7 /* libPods.a */ = {isa = PBXFileReference; explicitFileType = archive.ar; includeInIndex = 0; path = libPods.a; sourceTree = BUILT_PRODUCTS_DIR; };
/* End PBXFileReference section */

/* Begin PBXFrameworksBuildPhase section */
		06EBD2501CA4CD4700B026BF /* Frameworks */ = {
			isa = PBXFrameworksBuildPhase;
			buildActionMask = 2147483647;
			files = (
				75BD6CB971BBCDA9D06896E2 /* libPods.a in Frameworks */,
			);
			runOnlyForDeploymentPostprocessing = 0;
		};
/* End PBXFrameworksBuildPhase section */

/* Begin PBXGroup section */
		06DE57341CAE5D9B007209C7 /* HYMapTool */ = {
			isa = PBXGroup;
			children = (
				06DE57351CAE5D9B007209C7 /* HYMapViewController.h */,
				06DE57361CAE5D9B007209C7 /* HYMapViewController.m */,
				06DE57371CAE5D9B007209C7 /* HYRouteViewController.h */,
				06DE57381CAE5D9B007209C7 /* HYRouteViewController.m */,
				06DE57391CAE5D9B007209C7 /* mapModel */,
				06DE57441CAE5D9B007209C7 /* maptool_resources */,
				06DE574E1CAE5D9B007209C7 /* MapToolRefreshFooter.h */,
				06DE574F1CAE5D9B007209C7 /* MapToolRefreshFooter.m */,
			);
			path = HYMapTool;
			sourceTree = "<group>";
		};
		06DE57391CAE5D9B007209C7 /* mapModel */ = {
			isa = PBXGroup;
			children = (
				06DE573A1CAE5D9B007209C7 /* CommonUtility.h */,
				06DE573B1CAE5D9B007209C7 /* CommonUtility.m */,
				06DE573C1CAE5D9B007209C7 /* LineDashPolyline.h */,
				06DE573D1CAE5D9B007209C7 /* LineDashPolyline.m */,
				06DE573E1CAE5D9B007209C7 /* MANaviAnnotation.h */,
				06DE573F1CAE5D9B007209C7 /* MANaviAnnotation.m */,
				06DE57401CAE5D9B007209C7 /* MANaviPolyline.h */,
				06DE57411CAE5D9B007209C7 /* MANaviPolyline.m */,
				06DE57421CAE5D9B007209C7 /* MANaviRoute.h */,
				06DE57431CAE5D9B007209C7 /* MANaviRoute.m */,
			);
			path = mapModel;
			sourceTree = "<group>";
		};
		06DE57441CAE5D9B007209C7 /* maptool_resources */ = {
			isa = PBXGroup;
			children = (
				06DE57451CAE5D9B007209C7 /* map_location_pin_conversation@2x.png */,
				06DE57461CAE5D9B007209C7 /* map_location_pin_conversation@3x.png */,
				06DE57471CAE5D9B007209C7 /* map_selected_poi_dot@2x.png */,
				06DE57481CAE5D9B007209C7 /* map_selected_poi_dot@3x.png */,
				06DE57491CAE5D9B007209C7 /* map_update_target_location@2x.png */,
				06DE574A1CAE5D9B007209C7 /* map_update_target_location@3x.png */,
				06DE574B1CAE5D9B007209C7 /* map_update_user_location@2x.png */,
				06DE574C1CAE5D9B007209C7 /* map_update_user_location@3x.png */,
				06DE574D1CAE5D9B007209C7 /* setting_checked@2x.png */,
			);
			path = maptool_resources;
			sourceTree = "<group>";
		};
		06DE57501CAE5D9B007209C7 /* HYSelectView */ = {
			isa = PBXGroup;
			children = (
				06DE57511CAE5D9B007209C7 /* HYActionSheet.h */,
				06DE57521CAE5D9B007209C7 /* HYActionSheet.m */,
				06DE57531CAE5D9B007209C7 /* HYCollectionButton.h */,
				06DE57541CAE5D9B007209C7 /* HYCollectionButton.m */,
				06DE57551CAE5D9B007209C7 /* HYCollectionPicker.h */,
				06DE57561CAE5D9B007209C7 /* HYCollectionPicker.m */,
				06DE57571CAE5D9B007209C7 /* resources */,
			);
			path = HYSelectView;
			sourceTree = "<group>";
		};
		06DE57571CAE5D9B007209C7 /* resources */ = {
			isa = PBXGroup;
			children = (
				06DE57581CAE5D9B007209C7 /* bgImage_HL@2x.png */,
				06DE57591CAE5D9B007209C7 /* cellLine@2x.png */,
			);
			path = resources;
			sourceTree = "<group>";
		};
		06DE575A1CAE5D9B007209C7 /* MJRefresh */ = {
			isa = PBXGroup;
			children = (
				06DE575B1CAE5D9B007209C7 /* Base */,
				06DE57661CAE5D9B007209C7 /* Custom */,
				06DE577D1CAE5D9B007209C7 /* MJRefresh.bundle */,
				06DE577E1CAE5D9B007209C7 /* MJRefresh.h */,
				06DE577F1CAE5D9B007209C7 /* MJRefreshConst.h */,
				06DE57801CAE5D9B007209C7 /* MJRefreshConst.m */,
				06DE57811CAE5D9B007209C7 /* UIScrollView+MJExtension.h */,
				06DE57821CAE5D9B007209C7 /* UIScrollView+MJExtension.m */,
				06DE57831CAE5D9B007209C7 /* UIScrollView+MJRefresh.h */,
				06DE57841CAE5D9B007209C7 /* UIScrollView+MJRefresh.m */,
				06DE57851CAE5D9B007209C7 /* UIView+MJExtension.h */,
				06DE57861CAE5D9B007209C7 /* UIView+MJExtension.m */,
			);
			path = MJRefresh;
			sourceTree = "<group>";
		};
		06DE575B1CAE5D9B007209C7 /* Base */ = {
			isa = PBXGroup;
			children = (
				06DE575C1CAE5D9B007209C7 /* MJRefreshAutoFooter.h */,
				06DE575D1CAE5D9B007209C7 /* MJRefreshAutoFooter.m */,
				06DE575E1CAE5D9B007209C7 /* MJRefreshBackFooter.h */,
				06DE575F1CAE5D9B007209C7 /* MJRefreshBackFooter.m */,
				06DE57601CAE5D9B007209C7 /* MJRefreshComponent.h */,
				06DE57611CAE5D9B007209C7 /* MJRefreshComponent.m */,
				06DE57621CAE5D9B007209C7 /* MJRefreshFooter.h */,
				06DE57631CAE5D9B007209C7 /* MJRefreshFooter.m */,
				06DE57641CAE5D9B007209C7 /* MJRefreshHeader.h */,
				06DE57651CAE5D9B007209C7 /* MJRefreshHeader.m */,
			);
			path = Base;
			sourceTree = "<group>";
		};
		06DE57661CAE5D9B007209C7 /* Custom */ = {
			isa = PBXGroup;
			children = (
				06DE57671CAE5D9B007209C7 /* Footer */,
				06DE57761CAE5D9B007209C7 /* Header */,
			);
			path = Custom;
			sourceTree = "<group>";
		};
		06DE57671CAE5D9B007209C7 /* Footer */ = {
			isa = PBXGroup;
			children = (
				06DE57681CAE5D9B007209C7 /* Auto */,
				06DE576F1CAE5D9B007209C7 /* Back */,
			);
			path = Footer;
			sourceTree = "<group>";
		};
		06DE57681CAE5D9B007209C7 /* Auto */ = {
			isa = PBXGroup;
			children = (
				06DE57691CAE5D9B007209C7 /* MJRefreshAutoGifFooter.h */,
				06DE576A1CAE5D9B007209C7 /* MJRefreshAutoGifFooter.m */,
				06DE576B1CAE5D9B007209C7 /* MJRefreshAutoNormalFooter.h */,
				06DE576C1CAE5D9B007209C7 /* MJRefreshAutoNormalFooter.m */,
				06DE576D1CAE5D9B007209C7 /* MJRefreshAutoStateFooter.h */,
				06DE576E1CAE5D9B007209C7 /* MJRefreshAutoStateFooter.m */,
			);
			path = Auto;
			sourceTree = "<group>";
		};
		06DE576F1CAE5D9B007209C7 /* Back */ = {
			isa = PBXGroup;
			children = (
				06DE57701CAE5D9B007209C7 /* MJRefreshBackGifFooter.h */,
				06DE57711CAE5D9B007209C7 /* MJRefreshBackGifFooter.m */,
				06DE57721CAE5D9B007209C7 /* MJRefreshBackNormalFooter.h */,
				06DE57731CAE5D9B007209C7 /* MJRefreshBackNormalFooter.m */,
				06DE57741CAE5D9B007209C7 /* MJRefreshBackStateFooter.h */,
				06DE57751CAE5D9B007209C7 /* MJRefreshBackStateFooter.m */,
			);
			path = Back;
			sourceTree = "<group>";
		};
		06DE57761CAE5D9B007209C7 /* Header */ = {
			isa = PBXGroup;
			children = (
				06DE57771CAE5D9B007209C7 /* MJRefreshGifHeader.h */,
				06DE57781CAE5D9B007209C7 /* MJRefreshGifHeader.m */,
				06DE57791CAE5D9B007209C7 /* MJRefreshNormalHeader.h */,
				06DE577A1CAE5D9B007209C7 /* MJRefreshNormalHeader.m */,
				06DE577B1CAE5D9B007209C7 /* MJRefreshStateHeader.h */,
				06DE577C1CAE5D9B007209C7 /* MJRefreshStateHeader.m */,
			);
			path = Header;
			sourceTree = "<group>";
		};
		06EBD24A1CA4CD4700B026BF = {
			isa = PBXGroup;
			children = (
				06DE57B01CAE5F60007209C7 /* README.md */,
				06DE57341CAE5D9B007209C7 /* HYMapTool */,
				06DE57501CAE5D9B007209C7 /* HYSelectView */,
				06DE575A1CAE5D9B007209C7 /* MJRefresh */,
				06EBD2551CA4CD4700B026BF /* HYMapToolDemo */,
				06EBD2541CA4CD4700B026BF /* Products */,
				596A6E1AADD33D813FA58B80 /* Pods */,
				AC8089D35A71257EBBD47BA3 /* Frameworks */,
			);
			sourceTree = "<group>";
		};
		06EBD2541CA4CD4700B026BF /* Products */ = {
			isa = PBXGroup;
			children = (
				06EBD2531CA4CD4700B026BF /* HYMapToolDemo.app */,
			);
			name = Products;
			sourceTree = "<group>";
		};
		06EBD2551CA4CD4700B026BF /* HYMapToolDemo */ = {
			isa = PBXGroup;
			children = (
				06EBD2591CA4CD4700B026BF /* AppDelegate.h */,
				06EBD25A1CA4CD4700B026BF /* AppDelegate.m */,
				06EBD25C1CA4CD4700B026BF /* ViewController.h */,
				06EBD25D1CA4CD4700B026BF /* ViewController.m */,
				06EBD25F1CA4CD4700B026BF /* Main.storyboard */,
				06EBD2621CA4CD4700B026BF /* Assets.xcassets */,
				06EBD2641CA4CD4700B026BF /* LaunchScreen.storyboard */,
				06EBD2671CA4CD4700B026BF /* Info.plist */,
				06EBD2561CA4CD4700B026BF /* Supporting Files */,
			);
			path = HYMapToolDemo;
			sourceTree = "<group>";
		};
		06EBD2561CA4CD4700B026BF /* Supporting Files */ = {
			isa = PBXGroup;
			children = (
				06EBD2571CA4CD4700B026BF /* main.m */,
			);
			name = "Supporting Files";
			sourceTree = "<group>";
		};
		596A6E1AADD33D813FA58B80 /* Pods */ = {
			isa = PBXGroup;
			children = (
				E72A86E04B20541C81947E6F /* Pods.debug.xcconfig */,
				4DB29A4C9AB83601B1AD63FF /* Pods.release.xcconfig */,
			);
			name = Pods;
			sourceTree = "<group>";
		};
		AC8089D35A71257EBBD47BA3 /* Frameworks */ = {
			isa = PBXGroup;
			children = (
				FC72C8E0482CE9185FD863C7 /* libPods.a */,
			);
			name = Frameworks;
			sourceTree = "<group>";
		};
/* End PBXGroup section */

/* Begin PBXNativeTarget section */
		06EBD2521CA4CD4700B026BF /* HYMapToolDemo */ = {
			isa = PBXNativeTarget;
			buildConfigurationList = 06EBD26A1CA4CD4700B026BF /* Build configuration list for PBXNativeTarget "HYMapToolDemo" */;
			buildPhases = (
				2120732768086524B47D58D1 /* Check Pods Manifest.lock */,
				06EBD24F1CA4CD4700B026BF /* Sources */,
				06EBD2501CA4CD4700B026BF /* Frameworks */,
				06EBD2511CA4CD4700B026BF /* Resources */,
				DCE656AF29D1E8521EE3EEFC /* Embed Pods Frameworks */,
				A6102D24460DDCC7A3882258 /* Copy Pods Resources */,
			);
			buildRules = (
			);
			dependencies = (
			);
			name = HYMapToolDemo;
			productName = HYMapToolDemo;
			productReference = 06EBD2531CA4CD4700B026BF /* HYMapToolDemo.app */;
			productType = "com.apple.product-type.application";
		};
/* End PBXNativeTarget section */

/* Begin PBXProject section */
		06EBD24B1CA4CD4700B026BF /* Project object */ = {
			isa = PBXProject;
			attributes = {
				LastUpgradeCheck = 0710;
				ORGANIZATIONNAME = huayun;
				TargetAttributes = {
					06EBD2521CA4CD4700B026BF = {
						CreatedOnToolsVersion = 7.1;
						DevelopmentTeam = 5Z2THWSSUN;
					};
				};
			};
			buildConfigurationList = 06EBD24E1CA4CD4700B026BF /* Build configuration list for PBXProject "HYMapToolDemo" */;
			compatibilityVersion = "Xcode 3.2";
			developmentRegion = English;
			hasScannedForEncodings = 0;
			knownRegions = (
				en,
				Base,
			);
			mainGroup = 06EBD24A1CA4CD4700B026BF;
			productRefGroup = 06EBD2541CA4CD4700B026BF /* Products */;
			projectDirPath = "";
			projectRoot = "";
			targets = (
				06EBD2521CA4CD4700B026BF /* HYMapToolDemo */,
			);
		};
/* End PBXProject section */

/* Begin PBXResourcesBuildPhase section */
		06EBD2511CA4CD4700B026BF /* Resources */ = {
			isa = PBXResourcesBuildPhase;
			buildActionMask = 2147483647;
			files = (
				06DE57941CAE5D9C007209C7 /* map_update_user_location@2x.png in Resources */,
				06EBD2661CA4CD4700B026BF /* LaunchScreen.storyboard in Resources */,
				06DE57951CAE5D9C007209C7 /* map_update_user_location@3x.png in Resources */,
				06DE579B1CAE5D9C007209C7 /* bgImage_HL@2x.png in Resources */,
				06DE57901CAE5D9C007209C7 /* map_selected_poi_dot@2x.png in Resources */,
				06EBD2631CA4CD4700B026BF /* Assets.xcassets in Resources */,
				06DE578F1CAE5D9B007209C7 /* map_location_pin_conversation@3x.png in Resources */,
				06DE57921CAE5D9C007209C7 /* map_update_target_location@2x.png in Resources */,
				06DE57AB1CAE5D9C007209C7 /* MJRefresh.bundle in Resources */,
				06DE57961CAE5D9C007209C7 /* setting_checked@2x.png in Resources */,
				06EBD2611CA4CD4700B026BF /* Main.storyboard in Resources */,
				06DE579C1CAE5D9C007209C7 /* cellLine@2x.png in Resources */,
				06DE57931CAE5D9C007209C7 /* map_update_target_location@3x.png in Resources */,
				06DE57911CAE5D9C007209C7 /* map_selected_poi_dot@3x.png in Resources */,
				06DE578E1CAE5D9B007209C7 /* map_location_pin_conversation@2x.png in Resources */,
			);
			runOnlyForDeploymentPostprocessing = 0;
		};
/* End PBXResourcesBuildPhase section */

/* Begin PBXShellScriptBuildPhase section */
		2120732768086524B47D58D1 /* Check Pods Manifest.lock */ = {
			isa = PBXShellScriptBuildPhase;
			buildActionMask = 2147483647;
			files = (
			);
			inputPaths = (
			);
			name = "Check Pods Manifest.lock";
			outputPaths = (
			);
			runOnlyForDeploymentPostprocessing = 0;
			shellPath = /bin/sh;
			shellScript = "diff \"${PODS_ROOT}/../Podfile.lock\" \"${PODS_ROOT}/Manifest.lock\" > /dev/null\nif [[ $? != 0 ]] ; then\n    cat << EOM\nerror: The sandbox is not in sync with the Podfile.lock. Run 'pod install' or update your CocoaPods installation.\nEOM\n    exit 1\nfi\n";
			showEnvVarsInLog = 0;
		};
		A6102D24460DDCC7A3882258 /* Copy Pods Resources */ = {
			isa = PBXShellScriptBuildPhase;
			buildActionMask = 2147483647;
			files = (
			);
			inputPaths = (
			);
			name = "Copy Pods Resources";
			outputPaths = (
			);
			runOnlyForDeploymentPostprocessing = 0;
			shellPath = /bin/sh;
			shellScript = "\"${SRCROOT}/Pods/Target Support Files/Pods/Pods-resources.sh\"\n";
			showEnvVarsInLog = 0;
		};
		DCE656AF29D1E8521EE3EEFC /* Embed Pods Frameworks */ = {
			isa = PBXShellScriptBuildPhase;
			buildActionMask = 2147483647;
			files = (
			);
			inputPaths = (
			);
			name = "Embed Pods Frameworks";
			outputPaths = (
			);
			runOnlyForDeploymentPostprocessing = 0;
			shellPath = /bin/sh;
			shellScript = "\"${SRCROOT}/Pods/Target Support Files/Pods/Pods-frameworks.sh\"\n";
			showEnvVarsInLog = 0;
		};
/* End PBXShellScriptBuildPhase section */

/* Begin PBXSourcesBuildPhase section */
		06EBD24F1CA4CD4700B026BF /* Sources */ = {
			isa = PBXSourcesBuildPhase;
			buildActionMask = 2147483647;
			files = (
				06DE57A91CAE5D9C007209C7 /* MJRefreshNormalHeader.m in Sources */,
				06DE579F1CAE5D9C007209C7 /* MJRefreshComponent.m in Sources */,
				06DE578C1CAE5D9B007209C7 /* MANaviPolyline.m in Sources */,
				06DE57AE1CAE5D9C007209C7 /* UIScrollView+MJRefresh.m in Sources */,
				06DE578D1CAE5D9B007209C7 /* MANaviRoute.m in Sources */,
				06DE57981CAE5D9C007209C7 /* HYActionSheet.m in Sources */,
				06DE57881CAE5D9B007209C7 /* HYRouteViewController.m in Sources */,
				06DE57AF1CAE5D9C007209C7 /* UIView+MJExtension.m in Sources */,
				06DE57A31CAE5D9C007209C7 /* MJRefreshAutoNormalFooter.m in Sources */,
				06DE57B11CAE5F60007209C7 /* README.md in Sources */,
				06DE57A01CAE5D9C007209C7 /* MJRefreshFooter.m in Sources */,
				06EBD25E1CA4CD4700B026BF /* ViewController.m in Sources */,
				06DE57AA1CAE5D9C007209C7 /* MJRefreshStateHeader.m in Sources */,
				06DE57A21CAE5D9C007209C7 /* MJRefreshAutoGifFooter.m in Sources */,
				06DE57991CAE5D9C007209C7 /* HYCollectionButton.m in Sources */,
				06DE579E1CAE5D9C007209C7 /* MJRefreshBackFooter.m in Sources */,
				06DE57A71CAE5D9C007209C7 /* MJRefreshBackStateFooter.m in Sources */,
				06DE57A81CAE5D9C007209C7 /* MJRefreshGifHeader.m in Sources */,
				06DE579A1CAE5D9C007209C7 /* HYCollectionPicker.m in Sources */,
				06EBD25B1CA4CD4700B026BF /* AppDelegate.m in Sources */,
				06DE578A1CAE5D9B007209C7 /* LineDashPolyline.m in Sources */,
				06DE578B1CAE5D9B007209C7 /* MANaviAnnotation.m in Sources */,
				06DE579D1CAE5D9C007209C7 /* MJRefreshAutoFooter.m in Sources */,
				06DE57AC1CAE5D9C007209C7 /* MJRefreshConst.m in Sources */,
				06DE57A51CAE5D9C007209C7 /* MJRefreshBackGifFooter.m in Sources */,
				06DE57891CAE5D9B007209C7 /* CommonUtility.m in Sources */,
				06DE57A11CAE5D9C007209C7 /* MJRefreshHeader.m in Sources */,
				06DE57AD1CAE5D9C007209C7 /* UIScrollView+MJExtension.m in Sources */,
				06DE57A41CAE5D9C007209C7 /* MJRefreshAutoStateFooter.m in Sources */,
				06DE57871CAE5D9B007209C7 /* HYMapViewController.m in Sources */,
				06DE57A61CAE5D9C007209C7 /* MJRefreshBackNormalFooter.m in Sources */,
				06EBD2581CA4CD4700B026BF /* main.m in Sources */,
				06DE57971CAE5D9C007209C7 /* MapToolRefreshFooter.m in Sources */,
			);
			runOnlyForDeploymentPostprocessing = 0;
		};
/* End PBXSourcesBuildPhase section */

/* Begin PBXVariantGroup section */
		06EBD25F1CA4CD4700B026BF /* Main.storyboard */ = {
			isa = PBXVariantGroup;
			children = (
				06EBD2601CA4CD4700B026BF /* Base */,
			);
			name = Main.storyboard;
			sourceTree = "<group>";
		};
		06EBD2641CA4CD4700B026BF /* LaunchScreen.storyboard */ = {
			isa = PBXVariantGroup;
			children = (
				06EBD2651CA4CD4700B026BF /* Base */,
			);
			name = LaunchScreen.storyboard;
			sourceTree = "<group>";
		};
/* End PBXVariantGroup section */

/* Begin XCBuildConfiguration section */
		06EBD2681CA4CD4700B026BF /* Debug */ = {
			isa = XCBuildConfiguration;
			buildSettings = {
				ALWAYS_SEARCH_USER_PATHS = NO;
				CLANG_CXX_LANGUAGE_STANDARD = "gnu++0x";
				CLANG_CXX_LIBRARY = "libc++";
				CLANG_ENABLE_MODULES = YES;
				CLANG_ENABLE_OBJC_ARC = YES;
				CLANG_WARN_BOOL_CONVERSION = YES;
				CLANG_WARN_CONSTANT_CONVERSION = YES;
				CLANG_WARN_DIRECT_OBJC_ISA_USAGE = YES_ERROR;
				CLANG_WARN_EMPTY_BODY = YES;
				CLANG_WARN_ENUM_CONVERSION = YES;
				CLANG_WARN_INT_CONVERSION = YES;
				CLANG_WARN_OBJC_ROOT_CLASS = YES_ERROR;
				CLANG_WARN_UNREACHABLE_CODE = YES;
				CLANG_WARN__DUPLICATE_METHOD_MATCH = YES;
				"CODE_SIGN_IDENTITY[sdk=iphoneos*]" = "iPhone Developer";
				COPY_PHASE_STRIP = NO;
				DEBUG_INFORMATION_FORMAT = dwarf;
				ENABLE_STRICT_OBJC_MSGSEND = YES;
				ENABLE_TESTABILITY = YES;
				GCC_C_LANGUAGE_STANDARD = gnu99;
				GCC_DYNAMIC_NO_PIC = NO;
				GCC_NO_COMMON_BLOCKS = YES;
				GCC_OPTIMIZATION_LEVEL = 0;
				GCC_PREPROCESSOR_DEFINITIONS = (
					"DEBUG=1",
					"$(inherited)",
				);
				GCC_WARN_64_TO_32_BIT_CONVERSION = YES;
				GCC_WARN_ABOUT_RETURN_TYPE = YES_ERROR;
				GCC_WARN_UNDECLARED_SELECTOR = YES;
				GCC_WARN_UNINITIALIZED_AUTOS = YES_AGGRESSIVE;
				GCC_WARN_UNUSED_FUNCTION = YES;
				GCC_WARN_UNUSED_VARIABLE = YES;
				IPHONEOS_DEPLOYMENT_TARGET = 9.1;
				MTL_ENABLE_DEBUG_INFO = YES;
				ONLY_ACTIVE_ARCH = YES;
				SDKROOT = iphoneos;
			};
			name = Debug;
		};
		06EBD2691CA4CD4700B026BF /* Release */ = {
			isa = XCBuildConfiguration;
			buildSettings = {
				ALWAYS_SEARCH_USER_PATHS = NO;
				CLANG_CXX_LANGUAGE_STANDARD = "gnu++0x";
				CLANG_CXX_LIBRARY = "libc++";
				CLANG_ENABLE_MODULES = YES;
				CLANG_ENABLE_OBJC_ARC = YES;
				CLANG_WARN_BOOL_CONVERSION = YES;
				CLANG_WARN_CONSTANT_CONVERSION = YES;
				CLANG_WARN_DIRECT_OBJC_ISA_USAGE = YES_ERROR;
				CLANG_WARN_EMPTY_BODY = YES;
				CLANG_WARN_ENUM_CONVERSION = YES;
				CLANG_WARN_INT_CONVERSION = YES;
				CLANG_WARN_OBJC_ROOT_CLASS = YES_ERROR;
				CLANG_WARN_UNREACHABLE_CODE = YES;
				CLANG_WARN__DUPLICATE_METHOD_MATCH = YES;
				"CODE_SIGN_IDENTITY[sdk=iphoneos*]" = "iPhone Developer";
				COPY_PHASE_STRIP = NO;
				DEBUG_INFORMATION_FORMAT = "dwarf-with-dsym";
				ENABLE_NS_ASSERTIONS = NO;
				ENABLE_STRICT_OBJC_MSGSEND = YES;
				GCC_C_LANGUAGE_STANDARD = gnu99;
				GCC_NO_COMMON_BLOCKS = YES;
				GCC_WARN_64_TO_32_BIT_CONVERSION = YES;
				GCC_WARN_ABOUT_RETURN_TYPE = YES_ERROR;
				GCC_WARN_UNDECLARED_SELECTOR = YES;
				GCC_WARN_UNINITIALIZED_AUTOS = YES_AGGRESSIVE;
				GCC_WARN_UNUSED_FUNCTION = YES;
				GCC_WARN_UNUSED_VARIABLE = YES;
				IPHONEOS_DEPLOYMENT_TARGET = 9.1;
				MTL_ENABLE_DEBUG_INFO = NO;
				SDKROOT = iphoneos;
				VALIDATE_PRODUCT = YES;
			};
			name = Release;
		};
		06EBD26B1CA4CD4700B026BF /* Debug */ = {
			isa = XCBuildConfiguration;
			baseConfigurationReference = E72A86E04B20541C81947E6F /* Pods.debug.xcconfig */;
			buildSettings = {
				ASSETCATALOG_COMPILER_APPICON_NAME = AppIcon;
				CODE_SIGN_IDENTITY = "iPhone Developer";
				INFOPLIST_FILE = HYMapToolDemo/Info.plist;
				LD_RUNPATH_SEARCH_PATHS = "$(inherited) @executable_path/Frameworks";
				PRODUCT_BUNDLE_IDENTIFIER = huayun.HYMapToolDemo;
				PRODUCT_NAME = "$(TARGET_NAME)";
			};
			name = Debug;
		};
		06EBD26C1CA4CD4700B026BF /* Release */ = {
			isa = XCBuildConfiguration;
			baseConfigurationReference = 4DB29A4C9AB83601B1AD63FF /* Pods.release.xcconfig */;
			buildSettings = {
				ASSETCATALOG_COMPILER_APPICON_NAME = AppIcon;
				CODE_SIGN_IDENTITY = "iPhone Developer";
				INFOPLIST_FILE = HYMapToolDemo/Info.plist;
				LD_RUNPATH_SEARCH_PATHS = "$(inherited) @executable_path/Frameworks";
				PRODUCT_BUNDLE_IDENTIFIER = huayun.HYMapToolDemo;
				PRODUCT_NAME = "$(TARGET_NAME)";
			};
			name = Release;
		};
/* End XCBuildConfiguration section */

/* Begin XCConfigurationList section */
		06EBD24E1CA4CD4700B026BF /* Build configuration list for PBXProject "HYMapToolDemo" */ = {
			isa = XCConfigurationList;
			buildConfigurations = (
				06EBD2681CA4CD4700B026BF /* Debug */,
				06EBD2691CA4CD4700B026BF /* Release */,
			);
			defaultConfigurationIsVisible = 0;
			defaultConfigurationName = Release;
		};
		06EBD26A1CA4CD4700B026BF /* Build configuration list for PBXNativeTarget "HYMapToolDemo" */ = {
			isa = XCConfigurationList;
			buildConfigurations = (
				06EBD26B1CA4CD4700B026BF /* Debug */,
				06EBD26C1CA4CD4700B026BF /* Release */,
			);
			defaultConfigurationIsVisible = 0;
			defaultConfigurationName = Release;
		};
/* End XCConfigurationList section */
	};
	rootObject = 06EBD24B1CA4CD4700B026BF /* Project object */;
}
