// !$*UTF8*$!
{
	archiveVersion = 1;
	classes = {
	};
	objectVersion = 46;
	objects = {

/* Begin PBXBuildFile section */
		06DE56991CA8D256007209C7 /* HYMapViewController.m in Sources */ = {isa = PBXBuildFile; fileRef = 06DE56981CA8D256007209C7 /* HYMapViewController.m */; };
		06DE56DE1CAA63C8007209C7 /* MJRefreshAutoFooter.m in Sources */ = {isa = PBXBuildFile; fileRef = 06DE56B41CAA63C8007209C7 /* MJRefreshAutoFooter.m */; };
		06DE56DF1CAA63C8007209C7 /* MJRefreshBackFooter.m in Sources */ = {isa = PBXBuildFile; fileRef = 06DE56B61CAA63C8007209C7 /* MJRefreshBackFooter.m */; };
		06DE56E01CAA63C8007209C7 /* MJRefreshComponent.m in Sources */ = {isa = PBXBuildFile; fileRef = 06DE56B81CAA63C8007209C7 /* MJRefreshComponent.m */; };
		06DE56E11CAA63C8007209C7 /* MJRefreshFooter.m in Sources */ = {isa = PBXBuildFile; fileRef = 06DE56BA1CAA63C8007209C7 /* MJRefreshFooter.m */; };
		06DE56E21CAA63C8007209C7 /* MJRefreshHeader.m in Sources */ = {isa = PBXBuildFile; fileRef = 06DE56BC1CAA63C8007209C7 /* MJRefreshHeader.m */; };
		06DE56E31CAA63C8007209C7 /* MJRefreshAutoGifFooter.m in Sources */ = {isa = PBXBuildFile; fileRef = 06DE56C11CAA63C8007209C7 /* MJRefreshAutoGifFooter.m */; };
		06DE56E41CAA63C8007209C7 /* MJRefreshAutoNormalFooter.m in Sources */ = {isa = PBXBuildFile; fileRef = 06DE56C31CAA63C8007209C7 /* MJRefreshAutoNormalFooter.m */; };
		06DE56E51CAA63C8007209C7 /* MJRefreshAutoStateFooter.m in Sources */ = {isa = PBXBuildFile; fileRef = 06DE56C51CAA63C8007209C7 /* MJRefreshAutoStateFooter.m */; };
		06DE56E61CAA63C8007209C7 /* MJRefreshBackGifFooter.m in Sources */ = {isa = PBXBuildFile; fileRef = 06DE56C81CAA63C8007209C7 /* MJRefreshBackGifFooter.m */; };
		06DE56E71CAA63C8007209C7 /* MJRefreshBackNormalFooter.m in Sources */ = {isa = PBXBuildFile; fileRef = 06DE56CA1CAA63C8007209C7 /* MJRefreshBackNormalFooter.m */; };
		06DE56E81CAA63C8007209C7 /* MJRefreshBackStateFooter.m in Sources */ = {isa = PBXBuildFile; fileRef = 06DE56CC1CAA63C8007209C7 /* MJRefreshBackStateFooter.m */; };
		06DE56E91CAA63C8007209C7 /* MJRefreshGifHeader.m in Sources */ = {isa = PBXBuildFile; fileRef = 06DE56CF1CAA63C8007209C7 /* MJRefreshGifHeader.m */; };
		06DE56EA1CAA63C8007209C7 /* MJRefreshNormalHeader.m in Sources */ = {isa = PBXBuildFile; fileRef = 06DE56D11CAA63C8007209C7 /* MJRefreshNormalHeader.m */; };
		06DE56EB1CAA63C8007209C7 /* MJRefreshStateHeader.m in Sources */ = {isa = PBXBuildFile; fileRef = 06DE56D31CAA63C8007209C7 /* MJRefreshStateHeader.m */; };
		06DE56EC1CAA63C8007209C7 /* MJRefresh.bundle in Resources */ = {isa = PBXBuildFile; fileRef = 06DE56D41CAA63C8007209C7 /* MJRefresh.bundle */; };
		06DE56ED1CAA63C8007209C7 /* MJRefreshConst.m in Sources */ = {isa = PBXBuildFile; fileRef = 06DE56D71CAA63C8007209C7 /* MJRefreshConst.m */; };
		06DE56EE1CAA63C8007209C7 /* UIScrollView+MJExtension.m in Sources */ = {isa = PBXBuildFile; fileRef = 06DE56D91CAA63C8007209C7 /* UIScrollView+MJExtension.m */; };
		06DE56EF1CAA63C8007209C7 /* UIScrollView+MJRefresh.m in Sources */ = {isa = PBXBuildFile; fileRef = 06DE56DB1CAA63C8007209C7 /* UIScrollView+MJRefresh.m */; };
		06DE56F01CAA63C8007209C7 /* UIView+MJExtension.m in Sources */ = {isa = PBXBuildFile; fileRef = 06DE56DD1CAA63C8007209C7 /* UIView+MJExtension.m */; };
		06DE56F31CAB7FE1007209C7 /* TestViewController.m in Sources */ = {isa = PBXBuildFile; fileRef = 06DE56F21CAB7FE1007209C7 /* TestViewController.m */; };
		06DE56F61CABACA8007209C7 /* setting_checked@2x.png in Resources */ = {isa = PBXBuildFile; fileRef = 06DE56F51CABACA8007209C7 /* setting_checked@2x.png */; };
		06EBD2581CA4CD4700B026BF /* main.m in Sources */ = {isa = PBXBuildFile; fileRef = 06EBD2571CA4CD4700B026BF /* main.m */; };
		06EBD25B1CA4CD4700B026BF /* AppDelegate.m in Sources */ = {isa = PBXBuildFile; fileRef = 06EBD25A1CA4CD4700B026BF /* AppDelegate.m */; };
		06EBD25E1CA4CD4700B026BF /* ViewController.m in Sources */ = {isa = PBXBuildFile; fileRef = 06EBD25D1CA4CD4700B026BF /* ViewController.m */; };
		06EBD2611CA4CD4700B026BF /* Main.storyboard in Resources */ = {isa = PBXBuildFile; fileRef = 06EBD25F1CA4CD4700B026BF /* Main.storyboard */; };
		06EBD2631CA4CD4700B026BF /* Assets.xcassets in Resources */ = {isa = PBXBuildFile; fileRef = 06EBD2621CA4CD4700B026BF /* Assets.xcassets */; };
		06EBD2661CA4CD4700B026BF /* LaunchScreen.storyboard in Resources */ = {isa = PBXBuildFile; fileRef = 06EBD2641CA4CD4700B026BF /* LaunchScreen.storyboard */; };
		75BD6CB971BBCDA9D06896E2 /* libPods.a in Frameworks */ = {isa = PBXBuildFile; fileRef = FC72C8E0482CE9185FD863C7 /* libPods.a */; };
/* End PBXBuildFile section */

/* Begin PBXFileReference section */
		06DE56971CA8D256007209C7 /* HYMapViewController.h */ = {isa = PBXFileReference; fileEncoding = 4; lastKnownFileType = sourcecode.c.h; path = HYMapViewController.h; sourceTree = "<group>"; };
		06DE56981CA8D256007209C7 /* HYMapViewController.m */ = {isa = PBXFileReference; fileEncoding = 4; lastKnownFileType = sourcecode.c.objc; path = HYMapViewController.m; sourceTree = "<group>"; };
		06DE56B31CAA63C8007209C7 /* MJRefreshAutoFooter.h */ = {isa = PBXFileReference; fileEncoding = 4; lastKnownFileType = sourcecode.c.h; path = MJRefreshAutoFooter.h; sourceTree = "<group>"; };
		06DE56B41CAA63C8007209C7 /* MJRefreshAutoFooter.m */ = {isa = PBXFileReference; fileEncoding = 4; lastKnownFileType = sourcecode.c.objc; path = MJRefreshAutoFooter.m; sourceTree = "<group>"; };
		06DE56B51CAA63C8007209C7 /* MJRefreshBackFooter.h */ = {isa = PBXFileReference; fileEncoding = 4; lastKnownFileType = sourcecode.c.h; path = MJRefreshBackFooter.h; sourceTree = "<group>"; };
		06DE56B61CAA63C8007209C7 /* MJRefreshBackFooter.m */ = {isa = PBXFileReference; fileEncoding = 4; lastKnownFileType = sourcecode.c.objc; path = MJRefreshBackFooter.m; sourceTree = "<group>"; };
		06DE56B71CAA63C8007209C7 /* MJRefreshComponent.h */ = {isa = PBXFileReference; fileEncoding = 4; lastKnownFileType = sourcecode.c.h; path = MJRefreshComponent.h; sourceTree = "<group>"; };
		06DE56B81CAA63C8007209C7 /* MJRefreshComponent.m */ = {isa = PBXFileReference; fileEncoding = 4; lastKnownFileType = sourcecode.c.objc; path = MJRefreshComponent.m; sourceTree = "<group>"; };
		06DE56B91CAA63C8007209C7 /* MJRefreshFooter.h */ = {isa = PBXFileReference; fileEncoding = 4; lastKnownFileType = sourcecode.c.h; path = MJRefreshFooter.h; sourceTree = "<group>"; };
		06DE56BA1CAA63C8007209C7 /* MJRefreshFooter.m */ = {isa = PBXFileReference; fileEncoding = 4; lastKnownFileType = sourcecode.c.objc; path = MJRefreshFooter.m; sourceTree = "<group>"; };
		06DE56BB1CAA63C8007209C7 /* MJRefreshHeader.h */ = {isa = PBXFileReference; fileEncoding = 4; lastKnownFileType = sourcecode.c.h; path = MJRefreshHeader.h; sourceTree = "<group>"; };
		06DE56BC1CAA63C8007209C7 /* MJRefreshHeader.m */ = {isa = PBXFileReference; fileEncoding = 4; lastKnownFileType = sourcecode.c.objc; path = MJRefreshHeader.m; sourceTree = "<group>"; };
		06DE56C01CAA63C8007209C7 /* MJRefreshAutoGifFooter.h */ = {isa = PBXFileReference; fileEncoding = 4; lastKnownFileType = sourcecode.c.h; path = MJRefreshAutoGifFooter.h; sourceTree = "<group>"; };
		06DE56C11CAA63C8007209C7 /* MJRefreshAutoGifFooter.m */ = {isa = PBXFileReference; fileEncoding = 4; lastKnownFileType = sourcecode.c.objc; path = MJRefreshAutoGifFooter.m; sourceTree = "<group>"; };
		06DE56C21CAA63C8007209C7 /* MJRefreshAutoNormalFooter.h */ = {isa = PBXFileReference; fileEncoding = 4; lastKnownFileType = sourcecode.c.h; path = MJRefreshAutoNormalFooter.h; sourceTree = "<group>"; };
		06DE56C31CAA63C8007209C7 /* MJRefreshAutoNormalFooter.m */ = {isa = PBXFileReference; fileEncoding = 4; lastKnownFileType = sourcecode.c.objc; path = MJRefreshAutoNormalFooter.m; sourceTree = "<group>"; };
		06DE56C41CAA63C8007209C7 /* MJRefreshAutoStateFooter.h */ = {isa = PBXFileReference; fileEncoding = 4; lastKnownFileType = sourcecode.c.h; path = MJRefreshAutoStateFooter.h; sourceTree = "<group>"; };
		06DE56C51CAA63C8007209C7 /* MJRefreshAutoStateFooter.m */ = {isa = PBXFileReference; fileEncoding = 4; lastKnownFileType = sourcecode.c.objc; path = MJRefreshAutoStateFooter.m; sourceTree = "<group>"; };
		06DE56C71CAA63C8007209C7 /* MJRefreshBackGifFooter.h */ = {isa = PBXFileReference; fileEncoding = 4; lastKnownFileType = sourcecode.c.h; path = MJRefreshBackGifFooter.h; sourceTree = "<group>"; };
		06DE56C81CAA63C8007209C7 /* MJRefreshBackGifFooter.m */ = {isa = PBXFileReference; fileEncoding = 4; lastKnownFileType = sourcecode.c.objc; path = MJRefreshBackGifFooter.m; sourceTree = "<group>"; };
		06DE56C91CAA63C8007209C7 /* MJRefreshBackNormalFooter.h */ = {isa = PBXFileReference; fileEncoding = 4; lastKnownFileType = sourcecode.c.h; path = MJRefreshBackNormalFooter.h; sourceTree = "<group>"; };
		06DE56CA1CAA63C8007209C7 /* MJRefreshBackNormalFooter.m */ = {isa = PBXFileReference; fileEncoding = 4; lastKnownFileType = sourcecode.c.objc; path = MJRefreshBackNormalFooter.m; sourceTree = "<group>"; };
		06DE56CB1CAA63C8007209C7 /* MJRefreshBackStateFooter.h */ = {isa = PBXFileReference; fileEncoding = 4; lastKnownFileType = sourcecode.c.h; path = MJRefreshBackStateFooter.h; sourceTree = "<group>"; };
		06DE56CC1CAA63C8007209C7 /* MJRefreshBackStateFooter.m */ = {isa = PBXFileReference; fileEncoding = 4; lastKnownFileType = sourcecode.c.objc; path = MJRefreshBackStateFooter.m; sourceTree = "<group>"; };
		06DE56CE1CAA63C8007209C7 /* MJRefreshGifHeader.h */ = {isa = PBXFileReference; fileEncoding = 4; lastKnownFileType = sourcecode.c.h; path = MJRefreshGifHeader.h; sourceTree = "<group>"; };
		06DE56CF1CAA63C8007209C7 /* MJRefreshGifHeader.m */ = {isa = PBXFileReference; fileEncoding = 4; lastKnownFileType = sourcecode.c.objc; path = MJRefreshGifHeader.m; sourceTree = "<group>"; };
		06DE56D01CAA63C8007209C7 /* MJRefreshNormalHeader.h */ = {isa = PBXFileReference; fileEncoding = 4; lastKnownFileType = sourcecode.c.h; path = MJRefreshNormalHeader.h; sourceTree = "<group>"; };
		06DE56D11CAA63C8007209C7 /* MJRefreshNormalHeader.m */ = {isa = PBXFileReference; fileEncoding = 4; lastKnownFileType = sourcecode.c.objc; path = MJRefreshNormalHeader.m; sourceTree = "<group>"; };
		06DE56D21CAA63C8007209C7 /* MJRefreshStateHeader.h */ = {isa = PBXFileReference; fileEncoding = 4; lastKnownFileType = sourcecode.c.h; path = MJRefreshStateHeader.h; sourceTree = "<group>"; };
		06DE56D31CAA63C8007209C7 /* MJRefreshStateHeader.m */ = {isa = PBXFileReference; fileEncoding = 4; lastKnownFileType = sourcecode.c.objc; path = MJRefreshStateHeader.m; sourceTree = "<group>"; };
		06DE56D41CAA63C8007209C7 /* MJRefresh.bundle */ = {isa = PBXFileReference; lastKnownFileType = "wrapper.plug-in"; path = MJRefresh.bundle; sourceTree = "<group>"; };
		06DE56D51CAA63C8007209C7 /* MJRefresh.h */ = {isa = PBXFileReference; fileEncoding = 4; lastKnownFileType = sourcecode.c.h; path = MJRefresh.h; sourceTree = "<group>"; };
		06DE56D61CAA63C8007209C7 /* MJRefreshConst.h */ = {isa = PBXFileReference; fileEncoding = 4; lastKnownFileType = sourcecode.c.h; path = MJRefreshConst.h; sourceTree = "<group>"; };
		06DE56D71CAA63C8007209C7 /* MJRefreshConst.m */ = {isa = PBXFileReference; fileEncoding = 4; lastKnownFileType = sourcecode.c.objc; path = MJRefreshConst.m; sourceTree = "<group>"; };
		06DE56D81CAA63C8007209C7 /* UIScrollView+MJExtension.h */ = {isa = PBXFileReference; fileEncoding = 4; lastKnownFileType = sourcecode.c.h; path = "UIScrollView+MJExtension.h"; sourceTree = "<group>"; };
		06DE56D91CAA63C8007209C7 /* UIScrollView+MJExtension.m */ = {isa = PBXFileReference; fileEncoding = 4; lastKnownFileType = sourcecode.c.objc; path = "UIScrollView+MJExtension.m"; sourceTree = "<group>"; };
		06DE56DA1CAA63C8007209C7 /* UIScrollView+MJRefresh.h */ = {isa = PBXFileReference; fileEncoding = 4; lastKnownFileType = sourcecode.c.h; path = "UIScrollView+MJRefresh.h"; sourceTree = "<group>"; };
		06DE56DB1CAA63C8007209C7 /* UIScrollView+MJRefresh.m */ = {isa = PBXFileReference; fileEncoding = 4; lastKnownFileType = sourcecode.c.objc; path = "UIScrollView+MJRefresh.m"; sourceTree = "<group>"; };
		06DE56DC1CAA63C8007209C7 /* UIView+MJExtension.h */ = {isa = PBXFileReference; fileEncoding = 4; lastKnownFileType = sourcecode.c.h; path = "UIView+MJExtension.h"; sourceTree = "<group>"; };
		06DE56DD1CAA63C8007209C7 /* UIView+MJExtension.m */ = {isa = PBXFileReference; fileEncoding = 4; lastKnownFileType = sourcecode.c.objc; path = "UIView+MJExtension.m"; sourceTree = "<group>"; };
		06DE56F11CAB7FE1007209C7 /* TestViewController.h */ = {isa = PBXFileReference; fileEncoding = 4; lastKnownFileType = sourcecode.c.h; path = TestViewController.h; sourceTree = "<group>"; };
		06DE56F21CAB7FE1007209C7 /* TestViewController.m */ = {isa = PBXFileReference; fileEncoding = 4; lastKnownFileType = sourcecode.c.objc; path = TestViewController.m; sourceTree = "<group>"; };
		06DE56F51CABACA8007209C7 /* setting_checked@2x.png */ = {isa = PBXFileReference; lastKnownFileType = image.png; path = "setting_checked@2x.png"; sourceTree = "<group>"; };
		06EBD2531CA4CD4700B026BF /* HYMapToolDemo.app */ = {isa = PBXFileReference; explicitFileType = wrapper.application; includeInIndex = 0; path = HYMapToolDemo.app; sourceTree = BUILT_PRODUCTS_DIR; };
		06EBD2571CA4CD4700B026BF /* main.m */ = {isa = PBXFileReference; lastKnownFileType = sourcecode.c.objc; path = main.m; sourceTree = "<group>"; };
		06EBD2591CA4CD4700B026BF /* AppDelegate.h */ = {isa = PBXFileReference; lastKnownFileType = sourcecode.c.h; path = AppDelegate.h; sourceTree = "<group>"; };
		06EBD25A1CA4CD4700B026BF /* AppDelegate.m */ = {isa = PBXFileReference; lastKnownFileType = sourcecode.c.objc; path = AppDelegate.m; sourceTree = "<group>"; };
		06EBD25C1CA4CD4700B026BF /* ViewController.h */ = {isa = PBXFileReference; lastKnownFileType = sourcecode.c.h; path = ViewController.h; sourceTree = "<group>"; };
		06EBD25D1CA4CD4700B026BF /* ViewController.m */ = {isa = PBXFileReference; lastKnownFileType = sourcecode.c.objc; path = ViewController.m; sourceTree = "<group>"; };
		06EBD2601CA4CD4700B026BF /* Base */ = {isa = PBXFileReference; lastKnownFileType = file.storyboard; name = Base; path = Base.lproj/Main.storyboard; sourceTree = "<group>"; };
		06EBD2621CA4CD4700B026BF /* Assets.xcassets */ = {isa = PBXFileReference; lastKnownFileType = folder.assetcatalog; path = Assets.xcassets; sourceTree = "<group>"; };
		06EBD2651CA4CD4700B026BF /* Base */ = {isa = PBXFileReference; lastKnownFileType = file.storyboard; name = Base; path = Base.lproj/LaunchScreen.storyboard; sourceTree = "<group>"; };
		06EBD2671CA4CD4700B026BF /* Info.plist */ = {isa = PBXFileReference; lastKnownFileType = text.plist.xml; path = Info.plist; sourceTree = "<group>"; };
		4DB29A4C9AB83601B1AD63FF /* Pods.release.xcconfig */ = {isa = PBXFileReference; includeInIndex = 1; lastKnownFileType = text.xcconfig; name = Pods.release.xcconfig; path = "Pods/Target Support Files/Pods/Pods.release.xcconfig"; sourceTree = "<group>"; };
		E72A86E04B20541C81947E6F /* Pods.debug.xcconfig */ = {isa = PBXFileReference; includeInIndex = 1; lastKnownFileType = text.xcconfig; name = Pods.debug.xcconfig; path = "Pods/Target Support Files/Pods/Pods.debug.xcconfig"; sourceTree = "<group>"; };
		FC72C8E0482CE9185FD863C7 /* libPods.a */ = {isa = PBXFileReference; explicitFileType = archive.ar; includeInIndex = 0; path = libPods.a; sourceTree = BUILT_PRODUCTS_DIR; };
/* End PBXFileReference section */

/* Begin PBXFrameworksBuildPhase section */
		06EBD2501CA4CD4700B026BF /* Frameworks */ = {
			isa = PBXFrameworksBuildPhase;
			buildActionMask = 2147483647;
			files = (
				75BD6CB971BBCDA9D06896E2 /* libPods.a in Frameworks */,
			);
			runOnlyForDeploymentPostprocessing = 0;
		};
/* End PBXFrameworksBuildPhase section */

/* Begin PBXGroup section */
		06DE56B11CAA63C8007209C7 /* MJRefresh */ = {
			isa = PBXGroup;
			children = (
				06DE56B21CAA63C8007209C7 /* Base */,
				06DE56BD1CAA63C8007209C7 /* Custom */,
				06DE56D41CAA63C8007209C7 /* MJRefresh.bundle */,
				06DE56D51CAA63C8007209C7 /* MJRefresh.h */,
				06DE56D61CAA63C8007209C7 /* MJRefreshConst.h */,
				06DE56D71CAA63C8007209C7 /* MJRefreshConst.m */,
				06DE56D81CAA63C8007209C7 /* UIScrollView+MJExtension.h */,
				06DE56D91CAA63C8007209C7 /* UIScrollView+MJExtension.m */,
				06DE56DA1CAA63C8007209C7 /* UIScrollView+MJRefresh.h */,
				06DE56DB1CAA63C8007209C7 /* UIScrollView+MJRefresh.m */,
				06DE56DC1CAA63C8007209C7 /* UIView+MJExtension.h */,
				06DE56DD1CAA63C8007209C7 /* UIView+MJExtension.m */,
			);
			path = MJRefresh;
			sourceTree = "<group>";
		};
		06DE56B21CAA63C8007209C7 /* Base */ = {
			isa = PBXGroup;
			children = (
				06DE56B31CAA63C8007209C7 /* MJRefreshAutoFooter.h */,
				06DE56B41CAA63C8007209C7 /* MJRefreshAutoFooter.m */,
				06DE56B51CAA63C8007209C7 /* MJRefreshBackFooter.h */,
				06DE56B61CAA63C8007209C7 /* MJRefreshBackFooter.m */,
				06DE56B71CAA63C8007209C7 /* MJRefreshComponent.h */,
				06DE56B81CAA63C8007209C7 /* MJRefreshComponent.m */,
				06DE56B91CAA63C8007209C7 /* MJRefreshFooter.h */,
				06DE56BA1CAA63C8007209C7 /* MJRefreshFooter.m */,
				06DE56BB1CAA63C8007209C7 /* MJRefreshHeader.h */,
				06DE56BC1CAA63C8007209C7 /* MJRefreshHeader.m */,
			);
			path = Base;
			sourceTree = "<group>";
		};
		06DE56BD1CAA63C8007209C7 /* Custom */ = {
			isa = PBXGroup;
			children = (
				06DE56BE1CAA63C8007209C7 /* Footer */,
				06DE56CD1CAA63C8007209C7 /* Header */,
			);
			path = Custom;
			sourceTree = "<group>";
		};
		06DE56BE1CAA63C8007209C7 /* Footer */ = {
			isa = PBXGroup;
			children = (
				06DE56BF1CAA63C8007209C7 /* Auto */,
				06DE56C61CAA63C8007209C7 /* Back */,
			);
			path = Footer;
			sourceTree = "<group>";
		};
		06DE56BF1CAA63C8007209C7 /* Auto */ = {
			isa = PBXGroup;
			children = (
				06DE56C01CAA63C8007209C7 /* MJRefreshAutoGifFooter.h */,
				06DE56C11CAA63C8007209C7 /* MJRefreshAutoGifFooter.m */,
				06DE56C21CAA63C8007209C7 /* MJRefreshAutoNormalFooter.h */,
				06DE56C31CAA63C8007209C7 /* MJRefreshAutoNormalFooter.m */,
				06DE56C41CAA63C8007209C7 /* MJRefreshAutoStateFooter.h */,
				06DE56C51CAA63C8007209C7 /* MJRefreshAutoStateFooter.m */,
			);
			path = Auto;
			sourceTree = "<group>";
		};
		06DE56C61CAA63C8007209C7 /* Back */ = {
			isa = PBXGroup;
			children = (
				06DE56C71CAA63C8007209C7 /* MJRefreshBackGifFooter.h */,
				06DE56C81CAA63C8007209C7 /* MJRefreshBackGifFooter.m */,
				06DE56C91CAA63C8007209C7 /* MJRefreshBackNormalFooter.h */,
				06DE56CA1CAA63C8007209C7 /* MJRefreshBackNormalFooter.m */,
				06DE56CB1CAA63C8007209C7 /* MJRefreshBackStateFooter.h */,
				06DE56CC1CAA63C8007209C7 /* MJRefreshBackStateFooter.m */,
			);
			path = Back;
			sourceTree = "<group>";
		};
		06DE56CD1CAA63C8007209C7 /* Header */ = {
			isa = PBXGroup;
			children = (
				06DE56CE1CAA63C8007209C7 /* MJRefreshGifHeader.h */,
				06DE56CF1CAA63C8007209C7 /* MJRefreshGifHeader.m */,
				06DE56D01CAA63C8007209C7 /* MJRefreshNormalHeader.h */,
				06DE56D11CAA63C8007209C7 /* MJRefreshNormalHeader.m */,
				06DE56D21CAA63C8007209C7 /* MJRefreshStateHeader.h */,
				06DE56D31CAA63C8007209C7 /* MJRefreshStateHeader.m */,
			);
			path = Header;
			sourceTree = "<group>";
		};
		06DE56F41CABAC96007209C7 /* resources */ = {
			isa = PBXGroup;
			children = (
				06DE56F51CABACA8007209C7 /* setting_checked@2x.png */,
			);
			name = resources;
			sourceTree = "<group>";
		};
		06EBD24A1CA4CD4700B026BF = {
			isa = PBXGroup;
			children = (
				06EBD2551CA4CD4700B026BF /* HYMapToolDemo */,
				06EBD2541CA4CD4700B026BF /* Products */,
				596A6E1AADD33D813FA58B80 /* Pods */,
				AC8089D35A71257EBBD47BA3 /* Frameworks */,
			);
			sourceTree = "<group>";
		};
		06EBD2541CA4CD4700B026BF /* Products */ = {
			isa = PBXGroup;
			children = (
				06EBD2531CA4CD4700B026BF /* HYMapToolDemo.app */,
			);
			name = Products;
			sourceTree = "<group>";
		};
		06EBD2551CA4CD4700B026BF /* HYMapToolDemo */ = {
			isa = PBXGroup;
			children = (
				06DE56B11CAA63C8007209C7 /* MJRefresh */,
				06EBD2591CA4CD4700B026BF /* AppDelegate.h */,
				06EBD25A1CA4CD4700B026BF /* AppDelegate.m */,
				06EBD25C1CA4CD4700B026BF /* ViewController.h */,
				06EBD25D1CA4CD4700B026BF /* ViewController.m */,
				06DE56971CA8D256007209C7 /* HYMapViewController.h */,
				06DE56981CA8D256007209C7 /* HYMapViewController.m */,
				06DE56F11CAB7FE1007209C7 /* TestViewController.h */,
				06DE56F21CAB7FE1007209C7 /* TestViewController.m */,
				06DE56F41CABAC96007209C7 /* resources */,
				06EBD25F1CA4CD4700B026BF /* Main.storyboard */,
				06EBD2621CA4CD4700B026BF /* Assets.xcassets */,
				06EBD2641CA4CD4700B026BF /* LaunchScreen.storyboard */,
				06EBD2671CA4CD4700B026BF /* Info.plist */,
				06EBD2561CA4CD4700B026BF /* Supporting Files */,
			);
			path = HYMapToolDemo;
			sourceTree = "<group>";
		};
		06EBD2561CA4CD4700B026BF /* Supporting Files */ = {
			isa = PBXGroup;
			children = (
				06EBD2571CA4CD4700B026BF /* main.m */,
			);
			name = "Supporting Files";
			sourceTree = "<group>";
		};
		596A6E1AADD33D813FA58B80 /* Pods */ = {
			isa = PBXGroup;
			children = (
				E72A86E04B20541C81947E6F /* Pods.debug.xcconfig */,
				4DB29A4C9AB83601B1AD63FF /* Pods.release.xcconfig */,
			);
			name = Pods;
			sourceTree = "<group>";
		};
		AC8089D35A71257EBBD47BA3 /* Frameworks */ = {
			isa = PBXGroup;
			children = (
				FC72C8E0482CE9185FD863C7 /* libPods.a */,
			);
			name = Frameworks;
			sourceTree = "<group>";
		};
/* End PBXGroup section */

/* Begin PBXNativeTarget section */
		06EBD2521CA4CD4700B026BF /* HYMapToolDemo */ = {
			isa = PBXNativeTarget;
			buildConfigurationList = 06EBD26A1CA4CD4700B026BF /* Build configuration list for PBXNativeTarget "HYMapToolDemo" */;
			buildPhases = (
				2120732768086524B47D58D1 /* Check Pods Manifest.lock */,
				06EBD24F1CA4CD4700B026BF /* Sources */,
				06EBD2501CA4CD4700B026BF /* Frameworks */,
				06EBD2511CA4CD4700B026BF /* Resources */,
				DCE656AF29D1E8521EE3EEFC /* Embed Pods Frameworks */,
				A6102D24460DDCC7A3882258 /* Copy Pods Resources */,
			);
			buildRules = (
			);
			dependencies = (
			);
			name = HYMapToolDemo;
			productName = HYMapToolDemo;
			productReference = 06EBD2531CA4CD4700B026BF /* HYMapToolDemo.app */;
			productType = "com.apple.product-type.application";
		};
/* End PBXNativeTarget section */

/* Begin PBXProject section */
		06EBD24B1CA4CD4700B026BF /* Project object */ = {
			isa = PBXProject;
			attributes = {
				LastUpgradeCheck = 0710;
				ORGANIZATIONNAME = huayun;
				TargetAttributes = {
					06EBD2521CA4CD4700B026BF = {
						CreatedOnToolsVersion = 7.1;
						DevelopmentTeam = 5Z2THWSSUN;
					};
				};
			};
			buildConfigurationList = 06EBD24E1CA4CD4700B026BF /* Build configuration list for PBXProject "HYMapToolDemo" */;
			compatibilityVersion = "Xcode 3.2";
			developmentRegion = English;
			hasScannedForEncodings = 0;
			knownRegions = (
				en,
				Base,
			);
			mainGroup = 06EBD24A1CA4CD4700B026BF;
			productRefGroup = 06EBD2541CA4CD4700B026BF /* Products */;
			projectDirPath = "";
			projectRoot = "";
			targets = (
				06EBD2521CA4CD4700B026BF /* HYMapToolDemo */,
			);
		};
/* End PBXProject section */

/* Begin PBXResourcesBuildPhase section */
		06EBD2511CA4CD4700B026BF /* Resources */ = {
			isa = PBXResourcesBuildPhase;
			buildActionMask = 2147483647;
			files = (
				06EBD2661CA4CD4700B026BF /* LaunchScreen.storyboard in Resources */,
				06DE56F61CABACA8007209C7 /* setting_checked@2x.png in Resources */,
				06EBD2631CA4CD4700B026BF /* Assets.xcassets in Resources */,
				06DE56EC1CAA63C8007209C7 /* MJRefresh.bundle in Resources */,
				06EBD2611CA4CD4700B026BF /* Main.storyboard in Resources */,
			);
			runOnlyForDeploymentPostprocessing = 0;
		};
/* End PBXResourcesBuildPhase section */

/* Begin PBXShellScriptBuildPhase section */
		2120732768086524B47D58D1 /* Check Pods Manifest.lock */ = {
			isa = PBXShellScriptBuildPhase;
			buildActionMask = 2147483647;
			files = (
			);
			inputPaths = (
			);
			name = "Check Pods Manifest.lock";
			outputPaths = (
			);
			runOnlyForDeploymentPostprocessing = 0;
			shellPath = /bin/sh;
			shellScript = "diff \"${PODS_ROOT}/../Podfile.lock\" \"${PODS_ROOT}/Manifest.lock\" > /dev/null\nif [[ $? != 0 ]] ; then\n    cat << EOM\nerror: The sandbox is not in sync with the Podfile.lock. Run 'pod install' or update your CocoaPods installation.\nEOM\n    exit 1\nfi\n";
			showEnvVarsInLog = 0;
		};
		A6102D24460DDCC7A3882258 /* Copy Pods Resources */ = {
			isa = PBXShellScriptBuildPhase;
			buildActionMask = 2147483647;
			files = (
			);
			inputPaths = (
			);
			name = "Copy Pods Resources";
			outputPaths = (
			);
			runOnlyForDeploymentPostprocessing = 0;
			shellPath = /bin/sh;
			shellScript = "\"${SRCROOT}/Pods/Target Support Files/Pods/Pods-resources.sh\"\n";
			showEnvVarsInLog = 0;
		};
		DCE656AF29D1E8521EE3EEFC /* Embed Pods Frameworks */ = {
			isa = PBXShellScriptBuildPhase;
			buildActionMask = 2147483647;
			files = (
			);
			inputPaths = (
			);
			name = "Embed Pods Frameworks";
			outputPaths = (
			);
			runOnlyForDeploymentPostprocessing = 0;
			shellPath = /bin/sh;
			shellScript = "\"${SRCROOT}/Pods/Target Support Files/Pods/Pods-frameworks.sh\"\n";
			showEnvVarsInLog = 0;
		};
/* End PBXShellScriptBuildPhase section */

/* Begin PBXSourcesBuildPhase section */
		06EBD24F1CA4CD4700B026BF /* Sources */ = {
			isa = PBXSourcesBuildPhase;
			buildActionMask = 2147483647;
			files = (
				06DE56E41CAA63C8007209C7 /* MJRefreshAutoNormalFooter.m in Sources */,
				06DE56E71CAA63C8007209C7 /* MJRefreshBackNormalFooter.m in Sources */,
				06DE56DF1CAA63C8007209C7 /* MJRefreshBackFooter.m in Sources */,
				06DE56ED1CAA63C8007209C7 /* MJRefreshConst.m in Sources */,
				06DE56EE1CAA63C8007209C7 /* UIScrollView+MJExtension.m in Sources */,
				06DE56E11CAA63C8007209C7 /* MJRefreshFooter.m in Sources */,
				06DE56E91CAA63C8007209C7 /* MJRefreshGifHeader.m in Sources */,
				06DE56DE1CAA63C8007209C7 /* MJRefreshAutoFooter.m in Sources */,
				06EBD25E1CA4CD4700B026BF /* ViewController.m in Sources */,
				06DE56F01CAA63C8007209C7 /* UIView+MJExtension.m in Sources */,
				06DE56E21CAA63C8007209C7 /* MJRefreshHeader.m in Sources */,
				06DE56E61CAA63C8007209C7 /* MJRefreshBackGifFooter.m in Sources */,
				06DE56EF1CAA63C8007209C7 /* UIScrollView+MJRefresh.m in Sources */,
				06EBD25B1CA4CD4700B026BF /* AppDelegate.m in Sources */,
				06DE56E01CAA63C8007209C7 /* MJRefreshComponent.m in Sources */,
				06DE56E51CAA63C8007209C7 /* MJRefreshAutoStateFooter.m in Sources */,
				06DE56EA1CAA63C8007209C7 /* MJRefreshNormalHeader.m in Sources */,
				06DE56EB1CAA63C8007209C7 /* MJRefreshStateHeader.m in Sources */,
				06DE56E81CAA63C8007209C7 /* MJRefreshBackStateFooter.m in Sources */,
				06DE56E31CAA63C8007209C7 /* MJRefreshAutoGifFooter.m in Sources */,
				06DE56991CA8D256007209C7 /* HYMapViewController.m in Sources */,
				06EBD2581CA4CD4700B026BF /* main.m in Sources */,
				06DE56F31CAB7FE1007209C7 /* TestViewController.m in Sources */,
			);
			runOnlyForDeploymentPostprocessing = 0;
		};
/* End PBXSourcesBuildPhase section */

/* Begin PBXVariantGroup section */
		06EBD25F1CA4CD4700B026BF /* Main.storyboard */ = {
			isa = PBXVariantGroup;
			children = (
				06EBD2601CA4CD4700B026BF /* Base */,
			);
			name = Main.storyboard;
			sourceTree = "<group>";
		};
		06EBD2641CA4CD4700B026BF /* LaunchScreen.storyboard */ = {
			isa = PBXVariantGroup;
			children = (
				06EBD2651CA4CD4700B026BF /* Base */,
			);
			name = LaunchScreen.storyboard;
			sourceTree = "<group>";
		};
/* End PBXVariantGroup section */

/* Begin XCBuildConfiguration section */
		06EBD2681CA4CD4700B026BF /* Debug */ = {
			isa = XCBuildConfiguration;
			buildSettings = {
				ALWAYS_SEARCH_USER_PATHS = NO;
				CLANG_CXX_LANGUAGE_STANDARD = "gnu++0x";
				CLANG_CXX_LIBRARY = "libc++";
				CLANG_ENABLE_MODULES = YES;
				CLANG_ENABLE_OBJC_ARC = YES;
				CLANG_WARN_BOOL_CONVERSION = YES;
				CLANG_WARN_CONSTANT_CONVERSION = YES;
				CLANG_WARN_DIRECT_OBJC_ISA_USAGE = YES_ERROR;
				CLANG_WARN_EMPTY_BODY = YES;
				CLANG_WARN_ENUM_CONVERSION = YES;
				CLANG_WARN_INT_CONVERSION = YES;
				CLANG_WARN_OBJC_ROOT_CLASS = YES_ERROR;
				CLANG_WARN_UNREACHABLE_CODE = YES;
				CLANG_WARN__DUPLICATE_METHOD_MATCH = YES;
				"CODE_SIGN_IDENTITY[sdk=iphoneos*]" = "iPhone Developer";
				COPY_PHASE_STRIP = NO;
				DEBUG_INFORMATION_FORMAT = dwarf;
				ENABLE_STRICT_OBJC_MSGSEND = YES;
				ENABLE_TESTABILITY = YES;
				GCC_C_LANGUAGE_STANDARD = gnu99;
				GCC_DYNAMIC_NO_PIC = NO;
				GCC_NO_COMMON_BLOCKS = YES;
				GCC_OPTIMIZATION_LEVEL = 0;
				GCC_PREPROCESSOR_DEFINITIONS = (
					"DEBUG=1",
					"$(inherited)",
				);
				GCC_WARN_64_TO_32_BIT_CONVERSION = YES;
				GCC_WARN_ABOUT_RETURN_TYPE = YES_ERROR;
				GCC_WARN_UNDECLARED_SELECTOR = YES;
				GCC_WARN_UNINITIALIZED_AUTOS = YES_AGGRESSIVE;
				GCC_WARN_UNUSED_FUNCTION = YES;
				GCC_WARN_UNUSED_VARIABLE = YES;
				IPHONEOS_DEPLOYMENT_TARGET = 9.1;
				MTL_ENABLE_DEBUG_INFO = YES;
				ONLY_ACTIVE_ARCH = YES;
				SDKROOT = iphoneos;
			};
			name = Debug;
		};
		06EBD2691CA4CD4700B026BF /* Release */ = {
			isa = XCBuildConfiguration;
			buildSettings = {
				ALWAYS_SEARCH_USER_PATHS = NO;
				CLANG_CXX_LANGUAGE_STANDARD = "gnu++0x";
				CLANG_CXX_LIBRARY = "libc++";
				CLANG_ENABLE_MODULES = YES;
				CLANG_ENABLE_OBJC_ARC = YES;
				CLANG_WARN_BOOL_CONVERSION = YES;
				CLANG_WARN_CONSTANT_CONVERSION = YES;
				CLANG_WARN_DIRECT_OBJC_ISA_USAGE = YES_ERROR;
				CLANG_WARN_EMPTY_BODY = YES;
				CLANG_WARN_ENUM_CONVERSION = YES;
				CLANG_WARN_INT_CONVERSION = YES;
				CLANG_WARN_OBJC_ROOT_CLASS = YES_ERROR;
				CLANG_WARN_UNREACHABLE_CODE = YES;
				CLANG_WARN__DUPLICATE_METHOD_MATCH = YES;
				"CODE_SIGN_IDENTITY[sdk=iphoneos*]" = "iPhone Developer";
				COPY_PHASE_STRIP = NO;
				DEBUG_INFORMATION_FORMAT = "dwarf-with-dsym";
				ENABLE_NS_ASSERTIONS = NO;
				ENABLE_STRICT_OBJC_MSGSEND = YES;
				GCC_C_LANGUAGE_STANDARD = gnu99;
				GCC_NO_COMMON_BLOCKS = YES;
				GCC_WARN_64_TO_32_BIT_CONVERSION = YES;
				GCC_WARN_ABOUT_RETURN_TYPE = YES_ERROR;
				GCC_WARN_UNDECLARED_SELECTOR = YES;
				GCC_WARN_UNINITIALIZED_AUTOS = YES_AGGRESSIVE;
				GCC_WARN_UNUSED_FUNCTION = YES;
				GCC_WARN_UNUSED_VARIABLE = YES;
				IPHONEOS_DEPLOYMENT_TARGET = 9.1;
				MTL_ENABLE_DEBUG_INFO = NO;
				SDKROOT = iphoneos;
				VALIDATE_PRODUCT = YES;
			};
			name = Release;
		};
		06EBD26B1CA4CD4700B026BF /* Debug */ = {
			isa = XCBuildConfiguration;
			baseConfigurationReference = E72A86E04B20541C81947E6F /* Pods.debug.xcconfig */;
			buildSettings = {
				ASSETCATALOG_COMPILER_APPICON_NAME = AppIcon;
				CODE_SIGN_IDENTITY = "iPhone Developer";
				INFOPLIST_FILE = HYMapToolDemo/Info.plist;
				LD_RUNPATH_SEARCH_PATHS = "$(inherited) @executable_path/Frameworks";
				PRODUCT_BUNDLE_IDENTIFIER = huayun.HYMapToolDemo;
				PRODUCT_NAME = "$(TARGET_NAME)";
			};
			name = Debug;
		};
		06EBD26C1CA4CD4700B026BF /* Release */ = {
			isa = XCBuildConfiguration;
			baseConfigurationReference = 4DB29A4C9AB83601B1AD63FF /* Pods.release.xcconfig */;
			buildSettings = {
				ASSETCATALOG_COMPILER_APPICON_NAME = AppIcon;
				CODE_SIGN_IDENTITY = "iPhone Developer";
				INFOPLIST_FILE = HYMapToolDemo/Info.plist;
				LD_RUNPATH_SEARCH_PATHS = "$(inherited) @executable_path/Frameworks";
				PRODUCT_BUNDLE_IDENTIFIER = huayun.HYMapToolDemo;
				PRODUCT_NAME = "$(TARGET_NAME)";
			};
			name = Release;
		};
/* End XCBuildConfiguration section */

/* Begin XCConfigurationList section */
		06EBD24E1CA4CD4700B026BF /* Build configuration list for PBXProject "HYMapToolDemo" */ = {
			isa = XCConfigurationList;
			buildConfigurations = (
				06EBD2681CA4CD4700B026BF /* Debug */,
				06EBD2691CA4CD4700B026BF /* Release */,
			);
			defaultConfigurationIsVisible = 0;
			defaultConfigurationName = Release;
		};
		06EBD26A1CA4CD4700B026BF /* Build configuration list for PBXNativeTarget "HYMapToolDemo" */ = {
			isa = XCConfigurationList;
			buildConfigurations = (
				06EBD26B1CA4CD4700B026BF /* Debug */,
				06EBD26C1CA4CD4700B026BF /* Release */,
			);
			defaultConfigurationIsVisible = 0;
			defaultConfigurationName = Release;
		};
/* End XCConfigurationList section */
	};
	rootObject = 06EBD24B1CA4CD4700B026BF /* Project object */;
}
